// !$*UTF8*$!
{
	archiveVersion = 1;
	classes = {
	};
	objectVersion = 51;
	objects = {

/* Begin PBXBuildFile section */
		51EC6989069DB5E2B1ED8772 /* Pods_Network.framework in Frameworks */ = {isa = PBXBuildFile; fileRef = F089EB4236D5A29C5B4CF7C4 /* Pods_Network.framework */; };
		5A900BA5FC5968ADC83E1347 /* Pods_Network_NetworkTests.framework in Frameworks */ = {isa = PBXBuildFile; fileRef = A488FA2CFD345067A6359796 /* Pods_Network_NetworkTests.framework */; };
		7ED79D36293F0351C8627865 /* Pods_TMDB.framework in Frameworks */ = {isa = PBXBuildFile; fileRef = 65532D642A92E5AFC1B202C2 /* Pods_TMDB.framework */; };
		9794D86A1C4FFF5873C4E00A /* Pods_TMDB_TMDBUITests.framework in Frameworks */ = {isa = PBXBuildFile; fileRef = C37FDCC0E596F8C6E00E9D04 /* Pods_TMDB_TMDBUITests.framework */; };
		C8ADB1CD9437D6CD157FBD95 /* Pods_Domain_DomainTests.framework in Frameworks */ = {isa = PBXBuildFile; fileRef = 767A33E12C7FAE4CA4B49B52 /* Pods_Domain_DomainTests.framework */; };
		CA6AF8D494D58F9DFD11F7D3 /* Pods_Domain.framework in Frameworks */ = {isa = PBXBuildFile; fileRef = 8004EA46900546F92DFB613F /* Pods_Domain.framework */; };
		D9F09776C5554CF5AF9D387A /* Pods_TMDBTests.framework in Frameworks */ = {isa = PBXBuildFile; fileRef = 1B520F3F9F38CBC0D6794363 /* Pods_TMDBTests.framework */; };
		DD0B76CC2739430200817F3F /* NetworkProvider.swift in Sources */ = {isa = PBXBuildFile; fileRef = DD0B76CB2739430200817F3F /* NetworkProvider.swift */; };
		DD0B76CF27394EA300817F3F /* Observable.swift in Sources */ = {isa = PBXBuildFile; fileRef = DD0B76CE27394EA300817F3F /* Observable.swift */; };
		DD0B76D1273955DB00817F3F /* AuthenticationPlugin.swift in Sources */ = {isa = PBXBuildFile; fileRef = DD0B76D0273955DB00817F3F /* AuthenticationPlugin.swift */; };
		DD0B76D427395F0600817F3F /* MovieCollectionViewCell.swift in Sources */ = {isa = PBXBuildFile; fileRef = DD0B76D327395F0600817F3F /* MovieCollectionViewCell.swift */; };
		DD0B76D6273964E400817F3F /* MoviesCollectionViewFlowLayout.swift in Sources */ = {isa = PBXBuildFile; fileRef = DD0B76D5273964E400817F3F /* MoviesCollectionViewFlowLayout.swift */; };
		DD0B76D82739685900817F3F /* MovieRepresentable.swift in Sources */ = {isa = PBXBuildFile; fileRef = DD0B76D72739685900817F3F /* MovieRepresentable.swift */; };
		DD0B76DD273968EF00817F3F /* MovieItemViewModel.swift in Sources */ = {isa = PBXBuildFile; fileRef = DD0B76DC273968EF00817F3F /* MovieItemViewModel.swift */; };
		DD0B76E127396E9500817F3F /* UICollectionViewCell+ReuseId.swift in Sources */ = {isa = PBXBuildFile; fileRef = DD0B76E027396E9500817F3F /* UICollectionViewCell+ReuseId.swift */; };
		DD0B76E327396F4A00817F3F /* PopularSeriesViewController+UICollectionViewDataSource.swift in Sources */ = {isa = PBXBuildFile; fileRef = DD0B76E227396F4A00817F3F /* PopularSeriesViewController+UICollectionViewDataSource.swift */; };
		DD0B76E72739766E00817F3F /* GradientView.swift in Sources */ = {isa = PBXBuildFile; fileRef = DD0B76E62739766E00817F3F /* GradientView.swift */; };
		DD0B76EA2739821C00817F3F /* PaginationContext.swift in Sources */ = {isa = PBXBuildFile; fileRef = DD0B76E92739821C00817F3F /* PaginationContext.swift */; };
		DD0B76EC2739AD8900817F3F /* PopularSeriesViewController+UICollectionViewDelegate.swift in Sources */ = {isa = PBXBuildFile; fileRef = DD0B76EB2739AD8900817F3F /* PopularSeriesViewController+UICollectionViewDelegate.swift */; };
		DD0B76EE2739B19B00817F3F /* InsetLabel.swift in Sources */ = {isa = PBXBuildFile; fileRef = DD0B76ED2739B19B00817F3F /* InsetLabel.swift */; };
		DD0B76F32739B69900817F3F /* MovieDetailViewModel.swift in Sources */ = {isa = PBXBuildFile; fileRef = DD0B76F22739B69900817F3F /* MovieDetailViewModel.swift */; };
		DD0B76F52739B7E000817F3F /* MovieDetailViewController.swift in Sources */ = {isa = PBXBuildFile; fileRef = DD0B76F42739B7E000817F3F /* MovieDetailViewController.swift */; };
		DD0B7710273A661B00817F3F /* MovieView.swift in Sources */ = {isa = PBXBuildFile; fileRef = DD0B770F273A661B00817F3F /* MovieView.swift */; };
		DD0B7712273AAA2B00817F3F /* CoordinatorsAssembly.swift in Sources */ = {isa = PBXBuildFile; fileRef = DD0B7711273AAA2B00817F3F /* CoordinatorsAssembly.swift */; };
		DD9448992737F047001C8235 /* AppDelegate.swift in Sources */ = {isa = PBXBuildFile; fileRef = DD9448982737F047001C8235 /* AppDelegate.swift */; };
		DD94489B2737F047001C8235 /* SceneDelegate.swift in Sources */ = {isa = PBXBuildFile; fileRef = DD94489A2737F047001C8235 /* SceneDelegate.swift */; };
		DD9448A22737F048001C8235 /* Assets.xcassets in Resources */ = {isa = PBXBuildFile; fileRef = DD9448A12737F048001C8235 /* Assets.xcassets */; };
		DD9448A52737F048001C8235 /* LaunchScreen.storyboard in Resources */ = {isa = PBXBuildFile; fileRef = DD9448A32737F048001C8235 /* LaunchScreen.storyboard */; };
		DD9448B02737F048001C8235 /* TMDBTests.swift in Sources */ = {isa = PBXBuildFile; fileRef = DD9448AF2737F048001C8235 /* TMDBTests.swift */; };
		DD9448BB2737F048001C8235 /* TMDBUITests.swift in Sources */ = {isa = PBXBuildFile; fileRef = DD9448BA2737F048001C8235 /* TMDBUITests.swift */; };
		DD9448DA2737F3D0001C8235 /* Domain.framework in Frameworks */ = {isa = PBXBuildFile; fileRef = DD9448D12737F3D0001C8235 /* Domain.framework */; };
		DD9448E12737F3D0001C8235 /* DomainTests.swift in Sources */ = {isa = PBXBuildFile; fileRef = DD9448E02737F3D0001C8235 /* DomainTests.swift */; };
		DD9448E32737F3D0001C8235 /* Domain.h in Headers */ = {isa = PBXBuildFile; fileRef = DD9448D32737F3D0001C8235 /* Domain.h */; settings = {ATTRIBUTES = (Public, ); }; };
		DD9448E62737F3D0001C8235 /* Domain.framework in Frameworks */ = {isa = PBXBuildFile; fileRef = DD9448D12737F3D0001C8235 /* Domain.framework */; };
		DD9448E72737F3D0001C8235 /* Domain.framework in Embed Frameworks */ = {isa = PBXBuildFile; fileRef = DD9448D12737F3D0001C8235 /* Domain.framework */; settings = {ATTRIBUTES = (CodeSignOnCopy, RemoveHeadersOnCopy, ); }; };
		DD9448FD2737F4AB001C8235 /* Network.framework in Frameworks */ = {isa = PBXBuildFile; fileRef = DD9448F42737F4AB001C8235 /* Network.framework */; };
		DD9449042737F4AB001C8235 /* NetworkTests.swift in Sources */ = {isa = PBXBuildFile; fileRef = DD9449032737F4AB001C8235 /* NetworkTests.swift */; };
		DD9449062737F4AB001C8235 /* Network.h in Headers */ = {isa = PBXBuildFile; fileRef = DD9448F62737F4AB001C8235 /* Network.h */; settings = {ATTRIBUTES = (Public, ); }; };
		DD9449092737F4AB001C8235 /* Network.framework in Frameworks */ = {isa = PBXBuildFile; fileRef = DD9448F42737F4AB001C8235 /* Network.framework */; };
		DD94490A2737F4AB001C8235 /* Network.framework in Embed Frameworks */ = {isa = PBXBuildFile; fileRef = DD9448F42737F4AB001C8235 /* Network.framework */; settings = {ATTRIBUTES = (CodeSignOnCopy, RemoveHeadersOnCopy, ); }; };
		DD9449192737F8C9001C8235 /* ViewModel.swift in Sources */ = {isa = PBXBuildFile; fileRef = DD9449182737F8C9001C8235 /* ViewModel.swift */; };
		DD94491C2737FA65001C8235 /* PopularSeriesViewModel.swift in Sources */ = {isa = PBXBuildFile; fileRef = DD94491B2737FA65001C8235 /* PopularSeriesViewModel.swift */; };
		DD94491E2737FAD1001C8235 /* PopularSeriesViewController.swift in Sources */ = {isa = PBXBuildFile; fileRef = DD94491D2737FAD1001C8235 /* PopularSeriesViewController.swift */; };
		DD94492A27380133001C8235 /* Dependency.swift in Sources */ = {isa = PBXBuildFile; fileRef = DD94492927380133001C8235 /* Dependency.swift */; };
		DD94492C27380234001C8235 /* ViewModelsAssembly.swift in Sources */ = {isa = PBXBuildFile; fileRef = DD94492B27380234001C8235 /* ViewModelsAssembly.swift */; };
		DD94492E2738027E001C8235 /* ViewControllersAssembly.swift in Sources */ = {isa = PBXBuildFile; fileRef = DD94492D2738027E001C8235 /* ViewControllersAssembly.swift */; };
		DD9449302738037B001C8235 /* ServicesAssembly.swift in Sources */ = {isa = PBXBuildFile; fileRef = DD94492F2738037B001C8235 /* ServicesAssembly.swift */; };
		DD9449332738084F001C8235 /* AppStep.swift in Sources */ = {isa = PBXBuildFile; fileRef = DD9449322738084F001C8235 /* AppStep.swift */; };
		DD94493527380CC1001C8235 /* AppFlow.swift in Sources */ = {isa = PBXBuildFile; fileRef = DD94493427380CC1001C8235 /* AppFlow.swift */; };
		DD94495527382020001C8235 /* MoviesResult.swift in Sources */ = {isa = PBXBuildFile; fileRef = DD94495427382020001C8235 /* MoviesResult.swift */; };
		DD944957273822A4001C8235 /* Movie.swift in Sources */ = {isa = PBXBuildFile; fileRef = DD944956273822A4001C8235 /* Movie.swift */; };
		DD94495B2738232E001C8235 /* MoviesService.swift in Sources */ = {isa = PBXBuildFile; fileRef = DD94495A2738232E001C8235 /* MoviesService.swift */; };
		DD94496927391C1F001C8235 /* MoviesService.swift in Sources */ = {isa = PBXBuildFile; fileRef = DD94496827391C1F001C8235 /* MoviesService.swift */; };
		DD94496E27391D91001C8235 /* API.swift in Sources */ = {isa = PBXBuildFile; fileRef = DD94496D27391D91001C8235 /* API.swift */; };
/* End PBXBuildFile section */

/* Begin PBXContainerItemProxy section */
		DD9448AC2737F048001C8235 /* PBXContainerItemProxy */ = {
			isa = PBXContainerItemProxy;
			containerPortal = DD94488D2737F047001C8235 /* Project object */;
			proxyType = 1;
			remoteGlobalIDString = DD9448942737F047001C8235;
			remoteInfo = TMDB;
		};
		DD9448B72737F048001C8235 /* PBXContainerItemProxy */ = {
			isa = PBXContainerItemProxy;
			containerPortal = DD94488D2737F047001C8235 /* Project object */;
			proxyType = 1;
			remoteGlobalIDString = DD9448942737F047001C8235;
			remoteInfo = TMDB;
		};
		DD9448DB2737F3D0001C8235 /* PBXContainerItemProxy */ = {
			isa = PBXContainerItemProxy;
			containerPortal = DD94488D2737F047001C8235 /* Project object */;
			proxyType = 1;
			remoteGlobalIDString = DD9448D02737F3D0001C8235;
			remoteInfo = Domain;
		};
		DD9448DD2737F3D0001C8235 /* PBXContainerItemProxy */ = {
			isa = PBXContainerItemProxy;
			containerPortal = DD94488D2737F047001C8235 /* Project object */;
			proxyType = 1;
			remoteGlobalIDString = DD9448942737F047001C8235;
			remoteInfo = TMDB;
		};
		DD9448E42737F3D0001C8235 /* PBXContainerItemProxy */ = {
			isa = PBXContainerItemProxy;
			containerPortal = DD94488D2737F047001C8235 /* Project object */;
			proxyType = 1;
			remoteGlobalIDString = DD9448D02737F3D0001C8235;
			remoteInfo = Domain;
		};
		DD9448FE2737F4AB001C8235 /* PBXContainerItemProxy */ = {
			isa = PBXContainerItemProxy;
			containerPortal = DD94488D2737F047001C8235 /* Project object */;
			proxyType = 1;
			remoteGlobalIDString = DD9448F32737F4AB001C8235;
			remoteInfo = Network;
		};
		DD9449002737F4AB001C8235 /* PBXContainerItemProxy */ = {
			isa = PBXContainerItemProxy;
			containerPortal = DD94488D2737F047001C8235 /* Project object */;
			proxyType = 1;
			remoteGlobalIDString = DD9448942737F047001C8235;
			remoteInfo = TMDB;
		};
		DD9449072737F4AB001C8235 /* PBXContainerItemProxy */ = {
			isa = PBXContainerItemProxy;
			containerPortal = DD94488D2737F047001C8235 /* Project object */;
			proxyType = 1;
			remoteGlobalIDString = DD9448F32737F4AB001C8235;
			remoteInfo = Network;
		};
/* End PBXContainerItemProxy section */

/* Begin PBXCopyFilesBuildPhase section */
		DD9448E82737F3D0001C8235 /* Embed Frameworks */ = {
			isa = PBXCopyFilesBuildPhase;
			buildActionMask = 2147483647;
			dstPath = "";
			dstSubfolderSpec = 10;
			files = (
				DD9448E72737F3D0001C8235 /* Domain.framework in Embed Frameworks */,
				DD94490A2737F4AB001C8235 /* Network.framework in Embed Frameworks */,
			);
			name = "Embed Frameworks";
			runOnlyForDeploymentPostprocessing = 0;
		};
/* End PBXCopyFilesBuildPhase section */

/* Begin PBXFileReference section */
		03A7B62D5A365F7C638F5D7B /* Pods-Domain-DomainTests.release.xcconfig */ = {isa = PBXFileReference; includeInIndex = 1; lastKnownFileType = text.xcconfig; name = "Pods-Domain-DomainTests.release.xcconfig"; path = "Target Support Files/Pods-Domain-DomainTests/Pods-Domain-DomainTests.release.xcconfig"; sourceTree = "<group>"; };
		1B520F3F9F38CBC0D6794363 /* Pods_TMDBTests.framework */ = {isa = PBXFileReference; explicitFileType = wrapper.framework; includeInIndex = 0; path = Pods_TMDBTests.framework; sourceTree = BUILT_PRODUCTS_DIR; };
		1CB179F84C97B3C59323497C /* Pods-Network-NetworkTests.debug.xcconfig */ = {isa = PBXFileReference; includeInIndex = 1; lastKnownFileType = text.xcconfig; name = "Pods-Network-NetworkTests.debug.xcconfig"; path = "Target Support Files/Pods-Network-NetworkTests/Pods-Network-NetworkTests.debug.xcconfig"; sourceTree = "<group>"; };
		30073E3099BE4C239AF020AB /* Pods-TMDBTests.release.xcconfig */ = {isa = PBXFileReference; includeInIndex = 1; lastKnownFileType = text.xcconfig; name = "Pods-TMDBTests.release.xcconfig"; path = "Target Support Files/Pods-TMDBTests/Pods-TMDBTests.release.xcconfig"; sourceTree = "<group>"; };
		3C422F924387EE99362BBB8A /* Pods-Network-NetworkTests.release.xcconfig */ = {isa = PBXFileReference; includeInIndex = 1; lastKnownFileType = text.xcconfig; name = "Pods-Network-NetworkTests.release.xcconfig"; path = "Target Support Files/Pods-Network-NetworkTests/Pods-Network-NetworkTests.release.xcconfig"; sourceTree = "<group>"; };
		5783F1059070A1767A63E48F /* Pods-TMDB.release.xcconfig */ = {isa = PBXFileReference; includeInIndex = 1; lastKnownFileType = text.xcconfig; name = "Pods-TMDB.release.xcconfig"; path = "Target Support Files/Pods-TMDB/Pods-TMDB.release.xcconfig"; sourceTree = "<group>"; };
		5A440E13D6E3D691C305D329 /* Pods-TMDB-TMDBUITests.release.xcconfig */ = {isa = PBXFileReference; includeInIndex = 1; lastKnownFileType = text.xcconfig; name = "Pods-TMDB-TMDBUITests.release.xcconfig"; path = "Target Support Files/Pods-TMDB-TMDBUITests/Pods-TMDB-TMDBUITests.release.xcconfig"; sourceTree = "<group>"; };
		623E537A3DF900CA8A780C0A /* Pods-Domain.debug.xcconfig */ = {isa = PBXFileReference; includeInIndex = 1; lastKnownFileType = text.xcconfig; name = "Pods-Domain.debug.xcconfig"; path = "Target Support Files/Pods-Domain/Pods-Domain.debug.xcconfig"; sourceTree = "<group>"; };
		65532D642A92E5AFC1B202C2 /* Pods_TMDB.framework */ = {isa = PBXFileReference; explicitFileType = wrapper.framework; includeInIndex = 0; path = Pods_TMDB.framework; sourceTree = BUILT_PRODUCTS_DIR; };
		767A33E12C7FAE4CA4B49B52 /* Pods_Domain_DomainTests.framework */ = {isa = PBXFileReference; explicitFileType = wrapper.framework; includeInIndex = 0; path = Pods_Domain_DomainTests.framework; sourceTree = BUILT_PRODUCTS_DIR; };
		7E4C3595324BB761A9C880FF /* Pods-TMDBTests.debug.xcconfig */ = {isa = PBXFileReference; includeInIndex = 1; lastKnownFileType = text.xcconfig; name = "Pods-TMDBTests.debug.xcconfig"; path = "Target Support Files/Pods-TMDBTests/Pods-TMDBTests.debug.xcconfig"; sourceTree = "<group>"; };
		8004EA46900546F92DFB613F /* Pods_Domain.framework */ = {isa = PBXFileReference; explicitFileType = wrapper.framework; includeInIndex = 0; path = Pods_Domain.framework; sourceTree = BUILT_PRODUCTS_DIR; };
		812BB72E5CBB443B2DD5A838 /* Pods-Domain-DomainTests.debug.xcconfig */ = {isa = PBXFileReference; includeInIndex = 1; lastKnownFileType = text.xcconfig; name = "Pods-Domain-DomainTests.debug.xcconfig"; path = "Target Support Files/Pods-Domain-DomainTests/Pods-Domain-DomainTests.debug.xcconfig"; sourceTree = "<group>"; };
		8504EFA39EA0A857EA3305E0 /* Pods-TMDB-TMDBUITests.debug.xcconfig */ = {isa = PBXFileReference; includeInIndex = 1; lastKnownFileType = text.xcconfig; name = "Pods-TMDB-TMDBUITests.debug.xcconfig"; path = "Target Support Files/Pods-TMDB-TMDBUITests/Pods-TMDB-TMDBUITests.debug.xcconfig"; sourceTree = "<group>"; };
		9AA006C8AB6873AC672CA5CD /* Pods-Network.release.xcconfig */ = {isa = PBXFileReference; includeInIndex = 1; lastKnownFileType = text.xcconfig; name = "Pods-Network.release.xcconfig"; path = "Target Support Files/Pods-Network/Pods-Network.release.xcconfig"; sourceTree = "<group>"; };
		A488FA2CFD345067A6359796 /* Pods_Network_NetworkTests.framework */ = {isa = PBXFileReference; explicitFileType = wrapper.framework; includeInIndex = 0; path = Pods_Network_NetworkTests.framework; sourceTree = BUILT_PRODUCTS_DIR; };
		C37FDCC0E596F8C6E00E9D04 /* Pods_TMDB_TMDBUITests.framework */ = {isa = PBXFileReference; explicitFileType = wrapper.framework; includeInIndex = 0; path = Pods_TMDB_TMDBUITests.framework; sourceTree = BUILT_PRODUCTS_DIR; };
		C8072C3A5EFD20B7F93AD2E9 /* Pods-TMDB.debug.xcconfig */ = {isa = PBXFileReference; includeInIndex = 1; lastKnownFileType = text.xcconfig; name = "Pods-TMDB.debug.xcconfig"; path = "Target Support Files/Pods-TMDB/Pods-TMDB.debug.xcconfig"; sourceTree = "<group>"; };
		DB986C03B0B7CD4A51304AD0 /* Pods-Domain.release.xcconfig */ = {isa = PBXFileReference; includeInIndex = 1; lastKnownFileType = text.xcconfig; name = "Pods-Domain.release.xcconfig"; path = "Target Support Files/Pods-Domain/Pods-Domain.release.xcconfig"; sourceTree = "<group>"; };
		DD0B76CB2739430200817F3F /* NetworkProvider.swift */ = {isa = PBXFileReference; lastKnownFileType = sourcecode.swift; path = NetworkProvider.swift; sourceTree = "<group>"; };
		DD0B76CE27394EA300817F3F /* Observable.swift */ = {isa = PBXFileReference; lastKnownFileType = sourcecode.swift; path = Observable.swift; sourceTree = "<group>"; };
		DD0B76D0273955DB00817F3F /* AuthenticationPlugin.swift */ = {isa = PBXFileReference; lastKnownFileType = sourcecode.swift; path = AuthenticationPlugin.swift; sourceTree = "<group>"; };
		DD0B76D327395F0600817F3F /* MovieCollectionViewCell.swift */ = {isa = PBXFileReference; lastKnownFileType = sourcecode.swift; path = MovieCollectionViewCell.swift; sourceTree = "<group>"; };
		DD0B76D5273964E400817F3F /* MoviesCollectionViewFlowLayout.swift */ = {isa = PBXFileReference; lastKnownFileType = sourcecode.swift; path = MoviesCollectionViewFlowLayout.swift; sourceTree = "<group>"; };
		DD0B76D72739685900817F3F /* MovieRepresentable.swift */ = {isa = PBXFileReference; lastKnownFileType = sourcecode.swift; path = MovieRepresentable.swift; sourceTree = "<group>"; };
		DD0B76DC273968EF00817F3F /* MovieItemViewModel.swift */ = {isa = PBXFileReference; lastKnownFileType = sourcecode.swift; path = MovieItemViewModel.swift; sourceTree = "<group>"; };
		DD0B76E027396E9500817F3F /* UICollectionViewCell+ReuseId.swift */ = {isa = PBXFileReference; lastKnownFileType = sourcecode.swift; path = "UICollectionViewCell+ReuseId.swift"; sourceTree = "<group>"; };
		DD0B76E227396F4A00817F3F /* PopularSeriesViewController+UICollectionViewDataSource.swift */ = {isa = PBXFileReference; lastKnownFileType = sourcecode.swift; path = "PopularSeriesViewController+UICollectionViewDataSource.swift"; sourceTree = "<group>"; };
		DD0B76E62739766E00817F3F /* GradientView.swift */ = {isa = PBXFileReference; lastKnownFileType = sourcecode.swift; path = GradientView.swift; sourceTree = "<group>"; };
		DD0B76E92739821C00817F3F /* PaginationContext.swift */ = {isa = PBXFileReference; lastKnownFileType = sourcecode.swift; path = PaginationContext.swift; sourceTree = "<group>"; };
		DD0B76EB2739AD8900817F3F /* PopularSeriesViewController+UICollectionViewDelegate.swift */ = {isa = PBXFileReference; lastKnownFileType = sourcecode.swift; path = "PopularSeriesViewController+UICollectionViewDelegate.swift"; sourceTree = "<group>"; };
		DD0B76ED2739B19B00817F3F /* InsetLabel.swift */ = {isa = PBXFileReference; lastKnownFileType = sourcecode.swift; path = InsetLabel.swift; sourceTree = "<group>"; };
		DD0B76F22739B69900817F3F /* MovieDetailViewModel.swift */ = {isa = PBXFileReference; lastKnownFileType = sourcecode.swift; path = MovieDetailViewModel.swift; sourceTree = "<group>"; };
		DD0B76F42739B7E000817F3F /* MovieDetailViewController.swift */ = {isa = PBXFileReference; lastKnownFileType = sourcecode.swift; path = MovieDetailViewController.swift; sourceTree = "<group>"; };
		DD0B770F273A661B00817F3F /* MovieView.swift */ = {isa = PBXFileReference; lastKnownFileType = sourcecode.swift; path = MovieView.swift; sourceTree = "<group>"; };
		DD0B7711273AAA2B00817F3F /* CoordinatorsAssembly.swift */ = {isa = PBXFileReference; lastKnownFileType = sourcecode.swift; path = CoordinatorsAssembly.swift; sourceTree = "<group>"; };
		DD9448952737F047001C8235 /* TMDB.app */ = {isa = PBXFileReference; explicitFileType = wrapper.application; includeInIndex = 0; path = TMDB.app; sourceTree = BUILT_PRODUCTS_DIR; };
		DD9448982737F047001C8235 /* AppDelegate.swift */ = {isa = PBXFileReference; lastKnownFileType = sourcecode.swift; path = AppDelegate.swift; sourceTree = "<group>"; };
		DD94489A2737F047001C8235 /* SceneDelegate.swift */ = {isa = PBXFileReference; lastKnownFileType = sourcecode.swift; path = SceneDelegate.swift; sourceTree = "<group>"; };
		DD9448A12737F048001C8235 /* Assets.xcassets */ = {isa = PBXFileReference; lastKnownFileType = folder.assetcatalog; path = Assets.xcassets; sourceTree = "<group>"; };
		DD9448A42737F048001C8235 /* Base */ = {isa = PBXFileReference; lastKnownFileType = file.storyboard; name = Base; path = Base.lproj/LaunchScreen.storyboard; sourceTree = "<group>"; };
		DD9448A62737F048001C8235 /* Info.plist */ = {isa = PBXFileReference; lastKnownFileType = text.plist.xml; path = Info.plist; sourceTree = "<group>"; };
		DD9448AB2737F048001C8235 /* TMDBTests.xctest */ = {isa = PBXFileReference; explicitFileType = wrapper.cfbundle; includeInIndex = 0; path = TMDBTests.xctest; sourceTree = BUILT_PRODUCTS_DIR; };
		DD9448AF2737F048001C8235 /* TMDBTests.swift */ = {isa = PBXFileReference; lastKnownFileType = sourcecode.swift; path = TMDBTests.swift; sourceTree = "<group>"; };
		DD9448B12737F048001C8235 /* Info.plist */ = {isa = PBXFileReference; lastKnownFileType = text.plist.xml; path = Info.plist; sourceTree = "<group>"; };
		DD9448B62737F048001C8235 /* TMDBUITests.xctest */ = {isa = PBXFileReference; explicitFileType = wrapper.cfbundle; includeInIndex = 0; path = TMDBUITests.xctest; sourceTree = BUILT_PRODUCTS_DIR; };
		DD9448BA2737F048001C8235 /* TMDBUITests.swift */ = {isa = PBXFileReference; lastKnownFileType = sourcecode.swift; path = TMDBUITests.swift; sourceTree = "<group>"; };
		DD9448BC2737F048001C8235 /* Info.plist */ = {isa = PBXFileReference; lastKnownFileType = text.plist.xml; path = Info.plist; sourceTree = "<group>"; };
		DD9448D12737F3D0001C8235 /* Domain.framework */ = {isa = PBXFileReference; explicitFileType = wrapper.framework; includeInIndex = 0; path = Domain.framework; sourceTree = BUILT_PRODUCTS_DIR; };
		DD9448D32737F3D0001C8235 /* Domain.h */ = {isa = PBXFileReference; lastKnownFileType = sourcecode.c.h; path = Domain.h; sourceTree = "<group>"; };
		DD9448D42737F3D0001C8235 /* Info.plist */ = {isa = PBXFileReference; lastKnownFileType = text.plist.xml; path = Info.plist; sourceTree = "<group>"; };
		DD9448D92737F3D0001C8235 /* DomainTests.xctest */ = {isa = PBXFileReference; explicitFileType = wrapper.cfbundle; includeInIndex = 0; path = DomainTests.xctest; sourceTree = BUILT_PRODUCTS_DIR; };
		DD9448E02737F3D0001C8235 /* DomainTests.swift */ = {isa = PBXFileReference; lastKnownFileType = sourcecode.swift; path = DomainTests.swift; sourceTree = "<group>"; };
		DD9448E22737F3D0001C8235 /* Info.plist */ = {isa = PBXFileReference; lastKnownFileType = text.plist.xml; path = Info.plist; sourceTree = "<group>"; };
		DD9448F42737F4AB001C8235 /* Network.framework */ = {isa = PBXFileReference; explicitFileType = wrapper.framework; includeInIndex = 0; path = Network.framework; sourceTree = BUILT_PRODUCTS_DIR; };
		DD9448F62737F4AB001C8235 /* Network.h */ = {isa = PBXFileReference; lastKnownFileType = sourcecode.c.h; path = Network.h; sourceTree = "<group>"; };
		DD9448F72737F4AB001C8235 /* Info.plist */ = {isa = PBXFileReference; lastKnownFileType = text.plist.xml; path = Info.plist; sourceTree = "<group>"; };
		DD9448FC2737F4AB001C8235 /* NetworkTests.xctest */ = {isa = PBXFileReference; explicitFileType = wrapper.cfbundle; includeInIndex = 0; path = NetworkTests.xctest; sourceTree = BUILT_PRODUCTS_DIR; };
		DD9449032737F4AB001C8235 /* NetworkTests.swift */ = {isa = PBXFileReference; lastKnownFileType = sourcecode.swift; path = NetworkTests.swift; sourceTree = "<group>"; };
		DD9449052737F4AB001C8235 /* Info.plist */ = {isa = PBXFileReference; lastKnownFileType = text.plist.xml; path = Info.plist; sourceTree = "<group>"; };
		DD9449182737F8C9001C8235 /* ViewModel.swift */ = {isa = PBXFileReference; fileEncoding = 4; lastKnownFileType = sourcecode.swift; path = ViewModel.swift; sourceTree = "<group>"; };
		DD94491B2737FA65001C8235 /* PopularSeriesViewModel.swift */ = {isa = PBXFileReference; lastKnownFileType = sourcecode.swift; path = PopularSeriesViewModel.swift; sourceTree = "<group>"; };
		DD94491D2737FAD1001C8235 /* PopularSeriesViewController.swift */ = {isa = PBXFileReference; lastKnownFileType = sourcecode.swift; path = PopularSeriesViewController.swift; sourceTree = "<group>"; };
		DD94492927380133001C8235 /* Dependency.swift */ = {isa = PBXFileReference; lastKnownFileType = sourcecode.swift; path = Dependency.swift; sourceTree = "<group>"; };
		DD94492B27380234001C8235 /* ViewModelsAssembly.swift */ = {isa = PBXFileReference; lastKnownFileType = sourcecode.swift; path = ViewModelsAssembly.swift; sourceTree = "<group>"; };
		DD94492D2738027E001C8235 /* ViewControllersAssembly.swift */ = {isa = PBXFileReference; lastKnownFileType = sourcecode.swift; path = ViewControllersAssembly.swift; sourceTree = "<group>"; };
		DD94492F2738037B001C8235 /* ServicesAssembly.swift */ = {isa = PBXFileReference; lastKnownFileType = sourcecode.swift; path = ServicesAssembly.swift; sourceTree = "<group>"; };
		DD9449322738084F001C8235 /* AppStep.swift */ = {isa = PBXFileReference; lastKnownFileType = sourcecode.swift; path = AppStep.swift; sourceTree = "<group>"; };
		DD94493427380CC1001C8235 /* AppFlow.swift */ = {isa = PBXFileReference; lastKnownFileType = sourcecode.swift; path = AppFlow.swift; sourceTree = "<group>"; };
		DD94495427382020001C8235 /* MoviesResult.swift */ = {isa = PBXFileReference; lastKnownFileType = sourcecode.swift; path = MoviesResult.swift; sourceTree = "<group>"; };
		DD944956273822A4001C8235 /* Movie.swift */ = {isa = PBXFileReference; lastKnownFileType = sourcecode.swift; path = Movie.swift; sourceTree = "<group>"; };
		DD94495A2738232E001C8235 /* MoviesService.swift */ = {isa = PBXFileReference; lastKnownFileType = sourcecode.swift; path = MoviesService.swift; sourceTree = "<group>"; };
		DD94496827391C1F001C8235 /* MoviesService.swift */ = {isa = PBXFileReference; lastKnownFileType = sourcecode.swift; path = MoviesService.swift; sourceTree = "<group>"; };
		DD94496D27391D91001C8235 /* API.swift */ = {isa = PBXFileReference; lastKnownFileType = sourcecode.swift; path = API.swift; sourceTree = "<group>"; };
		E78F7262A85A018C5C2F896A /* Pods-Network.debug.xcconfig */ = {isa = PBXFileReference; includeInIndex = 1; lastKnownFileType = text.xcconfig; name = "Pods-Network.debug.xcconfig"; path = "Target Support Files/Pods-Network/Pods-Network.debug.xcconfig"; sourceTree = "<group>"; };
		F089EB4236D5A29C5B4CF7C4 /* Pods_Network.framework */ = {isa = PBXFileReference; explicitFileType = wrapper.framework; includeInIndex = 0; path = Pods_Network.framework; sourceTree = BUILT_PRODUCTS_DIR; };
/* End PBXFileReference section */

/* Begin PBXFrameworksBuildPhase section */
		DD9448922737F047001C8235 /* Frameworks */ = {
			isa = PBXFrameworksBuildPhase;
			buildActionMask = 2147483647;
			files = (
				DD9448E62737F3D0001C8235 /* Domain.framework in Frameworks */,
				DD9449092737F4AB001C8235 /* Network.framework in Frameworks */,
				7ED79D36293F0351C8627865 /* Pods_TMDB.framework in Frameworks */,
			);
			runOnlyForDeploymentPostprocessing = 0;
		};
		DD9448A82737F048001C8235 /* Frameworks */ = {
			isa = PBXFrameworksBuildPhase;
			buildActionMask = 2147483647;
			files = (
				D9F09776C5554CF5AF9D387A /* Pods_TMDBTests.framework in Frameworks */,
			);
			runOnlyForDeploymentPostprocessing = 0;
		};
		DD9448B32737F048001C8235 /* Frameworks */ = {
			isa = PBXFrameworksBuildPhase;
			buildActionMask = 2147483647;
			files = (
				9794D86A1C4FFF5873C4E00A /* Pods_TMDB_TMDBUITests.framework in Frameworks */,
			);
			runOnlyForDeploymentPostprocessing = 0;
		};
		DD9448CE2737F3D0001C8235 /* Frameworks */ = {
			isa = PBXFrameworksBuildPhase;
			buildActionMask = 2147483647;
			files = (
				CA6AF8D494D58F9DFD11F7D3 /* Pods_Domain.framework in Frameworks */,
			);
			runOnlyForDeploymentPostprocessing = 0;
		};
		DD9448D62737F3D0001C8235 /* Frameworks */ = {
			isa = PBXFrameworksBuildPhase;
			buildActionMask = 2147483647;
			files = (
				DD9448DA2737F3D0001C8235 /* Domain.framework in Frameworks */,
				C8ADB1CD9437D6CD157FBD95 /* Pods_Domain_DomainTests.framework in Frameworks */,
			);
			runOnlyForDeploymentPostprocessing = 0;
		};
		DD9448F12737F4AB001C8235 /* Frameworks */ = {
			isa = PBXFrameworksBuildPhase;
			buildActionMask = 2147483647;
			files = (
				51EC6989069DB5E2B1ED8772 /* Pods_Network.framework in Frameworks */,
			);
			runOnlyForDeploymentPostprocessing = 0;
		};
		DD9448F92737F4AB001C8235 /* Frameworks */ = {
			isa = PBXFrameworksBuildPhase;
			buildActionMask = 2147483647;
			files = (
				DD9448FD2737F4AB001C8235 /* Network.framework in Frameworks */,
				5A900BA5FC5968ADC83E1347 /* Pods_Network_NetworkTests.framework in Frameworks */,
			);
			runOnlyForDeploymentPostprocessing = 0;
		};
/* End PBXFrameworksBuildPhase section */

/* Begin PBXGroup section */
		21708CCDE48EAD7364F84DA2 /* Pods */ = {
			isa = PBXGroup;
			children = (
				623E537A3DF900CA8A780C0A /* Pods-Domain.debug.xcconfig */,
				DB986C03B0B7CD4A51304AD0 /* Pods-Domain.release.xcconfig */,
				812BB72E5CBB443B2DD5A838 /* Pods-Domain-DomainTests.debug.xcconfig */,
				03A7B62D5A365F7C638F5D7B /* Pods-Domain-DomainTests.release.xcconfig */,
				E78F7262A85A018C5C2F896A /* Pods-Network.debug.xcconfig */,
				9AA006C8AB6873AC672CA5CD /* Pods-Network.release.xcconfig */,
				1CB179F84C97B3C59323497C /* Pods-Network-NetworkTests.debug.xcconfig */,
				3C422F924387EE99362BBB8A /* Pods-Network-NetworkTests.release.xcconfig */,
				C8072C3A5EFD20B7F93AD2E9 /* Pods-TMDB.debug.xcconfig */,
				5783F1059070A1767A63E48F /* Pods-TMDB.release.xcconfig */,
				8504EFA39EA0A857EA3305E0 /* Pods-TMDB-TMDBUITests.debug.xcconfig */,
				5A440E13D6E3D691C305D329 /* Pods-TMDB-TMDBUITests.release.xcconfig */,
				7E4C3595324BB761A9C880FF /* Pods-TMDBTests.debug.xcconfig */,
				30073E3099BE4C239AF020AB /* Pods-TMDBTests.release.xcconfig */,
			);
			path = Pods;
			sourceTree = "<group>";
		};
		DD0B76B027393B6700817F3F /* Frameworks */ = {
			isa = PBXGroup;
			children = (
				8004EA46900546F92DFB613F /* Pods_Domain.framework */,
				767A33E12C7FAE4CA4B49B52 /* Pods_Domain_DomainTests.framework */,
				F089EB4236D5A29C5B4CF7C4 /* Pods_Network.framework */,
				A488FA2CFD345067A6359796 /* Pods_Network_NetworkTests.framework */,
				65532D642A92E5AFC1B202C2 /* Pods_TMDB.framework */,
				C37FDCC0E596F8C6E00E9D04 /* Pods_TMDB_TMDBUITests.framework */,
				1B520F3F9F38CBC0D6794363 /* Pods_TMDBTests.framework */,
			);
			name = Frameworks;
			sourceTree = "<group>";
		};
		DD0B76C9273940CE00817F3F /* NetworkProvider */ = {
			isa = PBXGroup;
			children = (
				DD94496D27391D91001C8235 /* API.swift */,
				DD0B76CB2739430200817F3F /* NetworkProvider.swift */,
				DD0B76D0273955DB00817F3F /* AuthenticationPlugin.swift */,
			);
			path = NetworkProvider;
			sourceTree = "<group>";
		};
		DD0B76CA273940D300817F3F /* Services */ = {
			isa = PBXGroup;
			children = (
				DD94496827391C1F001C8235 /* MoviesService.swift */,
			);
			path = Services;
			sourceTree = "<group>";
		};
		DD0B76CD27394E8200817F3F /* Extensions */ = {
			isa = PBXGroup;
			children = (
				DD0B76CE27394EA300817F3F /* Observable.swift */,
				DD0B76E027396E9500817F3F /* UICollectionViewCell+ReuseId.swift */,
			);
			path = Extensions;
			sourceTree = "<group>";
		};
		DD0B76D227395EE000817F3F /* View */ = {
			isa = PBXGroup;
			children = (
				DD94491D2737FAD1001C8235 /* PopularSeriesViewController.swift */,
				DD0B76E227396F4A00817F3F /* PopularSeriesViewController+UICollectionViewDataSource.swift */,
				DD0B76EB2739AD8900817F3F /* PopularSeriesViewController+UICollectionViewDelegate.swift */,
				DD0B7704273A60DB00817F3F /* Views */,
			);
			path = View;
			sourceTree = "<group>";
		};
		DD0B76D92739689E00817F3F /* Model */ = {
			isa = PBXGroup;
			children = (
				DD0B76D72739685900817F3F /* MovieRepresentable.swift */,
				DD0B76DC273968EF00817F3F /* MovieItemViewModel.swift */,
			);
			path = Model;
			sourceTree = "<group>";
		};
		DD0B76DA273968A500817F3F /* Layout */ = {
			isa = PBXGroup;
			children = (
				DD0B76D5273964E400817F3F /* MoviesCollectionViewFlowLayout.swift */,
			);
			path = Layout;
			sourceTree = "<group>";
		};
		DD0B76DB273968C400817F3F /* ViewModel */ = {
			isa = PBXGroup;
			children = (
				DD94491B2737FA65001C8235 /* PopularSeriesViewModel.swift */,
			);
			path = ViewModel;
			sourceTree = "<group>";
		};
		DD0B76E52739766100817F3F /* UILayer */ = {
			isa = PBXGroup;
			children = (
				DD0B76E62739766E00817F3F /* GradientView.swift */,
				DD0B76ED2739B19B00817F3F /* InsetLabel.swift */,
			);
			path = UILayer;
			sourceTree = "<group>";
		};
		DD0B76E82739820D00817F3F /* Utils */ = {
			isa = PBXGroup;
			children = (
				DD0B76E92739821C00817F3F /* PaginationContext.swift */,
			);
			path = Utils;
			sourceTree = "<group>";
		};
		DD0B76EF2739B65900817F3F /* Movies */ = {
			isa = PBXGroup;
			children = (
				DD0B76D92739689E00817F3F /* Model */,
				DD0B76D227395EE000817F3F /* View */,
				DD0B76DB273968C400817F3F /* ViewModel */,
				DD0B76DA273968A500817F3F /* Layout */,
			);
			path = Movies;
			sourceTree = "<group>";
		};
		DD0B76F12739B68900817F3F /* Movies Detail */ = {
			isa = PBXGroup;
			children = (
				DD0B76F22739B69900817F3F /* MovieDetailViewModel.swift */,
				DD0B76F42739B7E000817F3F /* MovieDetailViewController.swift */,
			);
			path = "Movies Detail";
			sourceTree = "<group>";
		};
		DD0B7704273A60DB00817F3F /* Views */ = {
			isa = PBXGroup;
			children = (
				DD0B76D327395F0600817F3F /* MovieCollectionViewCell.swift */,
				DD0B770F273A661B00817F3F /* MovieView.swift */,
			);
			path = Views;
			sourceTree = "<group>";
		};
		DD94488C2737F047001C8235 = {
			isa = PBXGroup;
			children = (
				DD9448972737F047001C8235 /* TMDB */,
				DD9448AE2737F048001C8235 /* TMDBTests */,
				DD9448B92737F048001C8235 /* TMDBUITests */,
				DD9448D22737F3D0001C8235 /* Domain */,
				DD9448DF2737F3D0001C8235 /* DomainTests */,
				DD9448F52737F4AB001C8235 /* Network */,
				DD9449022737F4AB001C8235 /* NetworkTests */,
				DD9448962737F047001C8235 /* Products */,
				DD0B76B027393B6700817F3F /* Frameworks */,
				21708CCDE48EAD7364F84DA2 /* Pods */,
			);
			sourceTree = "<group>";
		};
		DD9448962737F047001C8235 /* Products */ = {
			isa = PBXGroup;
			children = (
				DD9448952737F047001C8235 /* TMDB.app */,
				DD9448AB2737F048001C8235 /* TMDBTests.xctest */,
				DD9448B62737F048001C8235 /* TMDBUITests.xctest */,
				DD9448D12737F3D0001C8235 /* Domain.framework */,
				DD9448D92737F3D0001C8235 /* DomainTests.xctest */,
				DD9448F42737F4AB001C8235 /* Network.framework */,
				DD9448FC2737F4AB001C8235 /* NetworkTests.xctest */,
			);
			name = Products;
			sourceTree = "<group>";
		};
		DD9448972737F047001C8235 /* TMDB */ = {
			isa = PBXGroup;
			children = (
				DD9448CB2737F292001C8235 /* App */,
				DD9449162737F8C9001C8235 /* Kernel */,
				DD94491A2737FA2F001C8235 /* Scenes */,
				DD9448CA2737F287001C8235 /* Supporting Files */,
			);
			path = TMDB;
			sourceTree = "<group>";
		};
		DD9448AE2737F048001C8235 /* TMDBTests */ = {
			isa = PBXGroup;
			children = (
				DD9448AF2737F048001C8235 /* TMDBTests.swift */,
				DD9448B12737F048001C8235 /* Info.plist */,
			);
			path = TMDBTests;
			sourceTree = "<group>";
		};
		DD9448B92737F048001C8235 /* TMDBUITests */ = {
			isa = PBXGroup;
			children = (
				DD9448BA2737F048001C8235 /* TMDBUITests.swift */,
				DD9448BC2737F048001C8235 /* Info.plist */,
			);
			path = TMDBUITests;
			sourceTree = "<group>";
		};
		DD9448CA2737F287001C8235 /* Supporting Files */ = {
			isa = PBXGroup;
			children = (
				DD9448A12737F048001C8235 /* Assets.xcassets */,
				DD9448A32737F048001C8235 /* LaunchScreen.storyboard */,
				DD9448A62737F048001C8235 /* Info.plist */,
			);
			path = "Supporting Files";
			sourceTree = "<group>";
		};
		DD9448CB2737F292001C8235 /* App */ = {
			isa = PBXGroup;
			children = (
				DD9448982737F047001C8235 /* AppDelegate.swift */,
				DD94489A2737F047001C8235 /* SceneDelegate.swift */,
			);
			path = App;
			sourceTree = "<group>";
		};
		DD9448D22737F3D0001C8235 /* Domain */ = {
			isa = PBXGroup;
			children = (
				DD9448D32737F3D0001C8235 /* Domain.h */,
				DD9448D42737F3D0001C8235 /* Info.plist */,
				DD944958273822EA001C8235 /* Entries */,
				DD94495927382315001C8235 /* Services */,
			);
			path = Domain;
			sourceTree = "<group>";
		};
		DD9448DF2737F3D0001C8235 /* DomainTests */ = {
			isa = PBXGroup;
			children = (
				DD9448E02737F3D0001C8235 /* DomainTests.swift */,
				DD9448E22737F3D0001C8235 /* Info.plist */,
			);
			path = DomainTests;
			sourceTree = "<group>";
		};
		DD9448F52737F4AB001C8235 /* Network */ = {
			isa = PBXGroup;
			children = (
				DD9448F62737F4AB001C8235 /* Network.h */,
				DD9448F72737F4AB001C8235 /* Info.plist */,
				DD0B76C9273940CE00817F3F /* NetworkProvider */,
				DD0B76CA273940D300817F3F /* Services */,
			);
			path = Network;
			sourceTree = "<group>";
		};
		DD9449022737F4AB001C8235 /* NetworkTests */ = {
			isa = PBXGroup;
			children = (
				DD9449032737F4AB001C8235 /* NetworkTests.swift */,
				DD9449052737F4AB001C8235 /* Info.plist */,
			);
			path = NetworkTests;
			sourceTree = "<group>";
		};
		DD9449162737F8C9001C8235 /* Kernel */ = {
			isa = PBXGroup;
			children = (
				DD9449172737F8C9001C8235 /* Core */,
				DD94492827380102001C8235 /* DependencyInjection */,
				DD94493127380822001C8235 /* Coordinators */,
				DD0B76CD27394E8200817F3F /* Extensions */,
				DD0B76E52739766100817F3F /* UILayer */,
				DD0B76E82739820D00817F3F /* Utils */,
			);
			path = Kernel;
			sourceTree = "<group>";
		};
		DD9449172737F8C9001C8235 /* Core */ = {
			isa = PBXGroup;
			children = (
				DD9449182737F8C9001C8235 /* ViewModel.swift */,
			);
			path = Core;
			sourceTree = "<group>";
		};
		DD94491A2737FA2F001C8235 /* Scenes */ = {
			isa = PBXGroup;
			children = (
				DD0B76EF2739B65900817F3F /* Movies */,
				DD0B76F12739B68900817F3F /* Movies Detail */,
			);
			path = Scenes;
			sourceTree = "<group>";
		};
		DD94492827380102001C8235 /* DependencyInjection */ = {
			isa = PBXGroup;
			children = (
				DD94492927380133001C8235 /* Dependency.swift */,
				DD94492F2738037B001C8235 /* ServicesAssembly.swift */,
				DD94492B27380234001C8235 /* ViewModelsAssembly.swift */,
				DD94492D2738027E001C8235 /* ViewControllersAssembly.swift */,
				DD0B7711273AAA2B00817F3F /* CoordinatorsAssembly.swift */,
			);
			path = DependencyInjection;
			sourceTree = "<group>";
		};
		DD94493127380822001C8235 /* Coordinators */ = {
			isa = PBXGroup;
			children = (
				DD9449322738084F001C8235 /* AppStep.swift */,
				DD94493427380CC1001C8235 /* AppFlow.swift */,
			);
			path = Coordinators;
			sourceTree = "<group>";
		};
		DD944958273822EA001C8235 /* Entries */ = {
			isa = PBXGroup;
			children = (
				DD944956273822A4001C8235 /* Movie.swift */,
				DD94495427382020001C8235 /* MoviesResult.swift */,
			);
			path = Entries;
			sourceTree = "<group>";
		};
		DD94495927382315001C8235 /* Services */ = {
			isa = PBXGroup;
			children = (
				DD94495A2738232E001C8235 /* MoviesService.swift */,
			);
			path = Services;
			sourceTree = "<group>";
		};
/* End PBXGroup section */

/* Begin PBXHeadersBuildPhase section */
		DD9448CC2737F3D0001C8235 /* Headers */ = {
			isa = PBXHeadersBuildPhase;
			buildActionMask = 2147483647;
			files = (
				DD9448E32737F3D0001C8235 /* Domain.h in Headers */,
			);
			runOnlyForDeploymentPostprocessing = 0;
		};
		DD9448EF2737F4AB001C8235 /* Headers */ = {
			isa = PBXHeadersBuildPhase;
			buildActionMask = 2147483647;
			files = (
				DD9449062737F4AB001C8235 /* Network.h in Headers */,
			);
			runOnlyForDeploymentPostprocessing = 0;
		};
/* End PBXHeadersBuildPhase section */

/* Begin PBXNativeTarget section */
		DD9448942737F047001C8235 /* TMDB */ = {
			isa = PBXNativeTarget;
			buildConfigurationList = DD9448BF2737F048001C8235 /* Build configuration list for PBXNativeTarget "TMDB" */;
			buildPhases = (
				3C7396759E5932B02BF9E34C /* [CP] Check Pods Manifest.lock */,
				DD9448912737F047001C8235 /* Sources */,
				DD9448922737F047001C8235 /* Frameworks */,
				DD9448932737F047001C8235 /* Resources */,
				DD9448E82737F3D0001C8235 /* Embed Frameworks */,
				1C0ABA4BC8946490C05E069A /* [CP] Embed Pods Frameworks */,
			);
			buildRules = (
			);
			dependencies = (
				DD9448E52737F3D0001C8235 /* PBXTargetDependency */,
				DD9449082737F4AB001C8235 /* PBXTargetDependency */,
			);
			name = TMDB;
			productName = TMDB;
			productReference = DD9448952737F047001C8235 /* TMDB.app */;
			productType = "com.apple.product-type.application";
		};
		DD9448AA2737F048001C8235 /* TMDBTests */ = {
			isa = PBXNativeTarget;
			buildConfigurationList = DD9448C22737F048001C8235 /* Build configuration list for PBXNativeTarget "TMDBTests" */;
			buildPhases = (
				5B268526E2B62AD9EC59D4C0 /* [CP] Check Pods Manifest.lock */,
				DD9448A72737F048001C8235 /* Sources */,
				DD9448A82737F048001C8235 /* Frameworks */,
				DD9448A92737F048001C8235 /* Resources */,
			);
			buildRules = (
			);
			dependencies = (
				DD9448AD2737F048001C8235 /* PBXTargetDependency */,
			);
			name = TMDBTests;
			productName = TMDBTests;
			productReference = DD9448AB2737F048001C8235 /* TMDBTests.xctest */;
			productType = "com.apple.product-type.bundle.unit-test";
		};
		DD9448B52737F048001C8235 /* TMDBUITests */ = {
			isa = PBXNativeTarget;
			buildConfigurationList = DD9448C52737F048001C8235 /* Build configuration list for PBXNativeTarget "TMDBUITests" */;
			buildPhases = (
				0E6FB19BEF861DF563E604FB /* [CP] Check Pods Manifest.lock */,
				DD9448B22737F048001C8235 /* Sources */,
				DD9448B32737F048001C8235 /* Frameworks */,
				DD9448B42737F048001C8235 /* Resources */,
				173AE11C418BAF6CEBFD8A9E /* [CP] Embed Pods Frameworks */,
			);
			buildRules = (
			);
			dependencies = (
				DD9448B82737F048001C8235 /* PBXTargetDependency */,
			);
			name = TMDBUITests;
			productName = TMDBUITests;
			productReference = DD9448B62737F048001C8235 /* TMDBUITests.xctest */;
			productType = "com.apple.product-type.bundle.ui-testing";
		};
		DD9448D02737F3D0001C8235 /* Domain */ = {
			isa = PBXNativeTarget;
			buildConfigurationList = DD9448ED2737F3D0001C8235 /* Build configuration list for PBXNativeTarget "Domain" */;
			buildPhases = (
				BC912A855CB1706EA660CCBC /* [CP] Check Pods Manifest.lock */,
				DD9448CC2737F3D0001C8235 /* Headers */,
				DD9448CD2737F3D0001C8235 /* Sources */,
				DD9448CE2737F3D0001C8235 /* Frameworks */,
				DD9448CF2737F3D0001C8235 /* Resources */,
			);
			buildRules = (
			);
			dependencies = (
			);
			name = Domain;
			productName = Domain;
			productReference = DD9448D12737F3D0001C8235 /* Domain.framework */;
			productType = "com.apple.product-type.framework";
		};
		DD9448D82737F3D0001C8235 /* DomainTests */ = {
			isa = PBXNativeTarget;
			buildConfigurationList = DD9448EE2737F3D0001C8235 /* Build configuration list for PBXNativeTarget "DomainTests" */;
			buildPhases = (
				CB26C1F853A13112FD86C532 /* [CP] Check Pods Manifest.lock */,
				DD9448D52737F3D0001C8235 /* Sources */,
				DD9448D62737F3D0001C8235 /* Frameworks */,
				DD9448D72737F3D0001C8235 /* Resources */,
				B347B7DD6131E96B745B36D3 /* [CP] Embed Pods Frameworks */,
			);
			buildRules = (
			);
			dependencies = (
				DD9448DC2737F3D0001C8235 /* PBXTargetDependency */,
				DD9448DE2737F3D0001C8235 /* PBXTargetDependency */,
			);
			name = DomainTests;
			productName = DomainTests;
			productReference = DD9448D92737F3D0001C8235 /* DomainTests.xctest */;
			productType = "com.apple.product-type.bundle.unit-test";
		};
		DD9448F32737F4AB001C8235 /* Network */ = {
			isa = PBXNativeTarget;
			buildConfigurationList = DD94490F2737F4AB001C8235 /* Build configuration list for PBXNativeTarget "Network" */;
			buildPhases = (
				EE088B914DE54AD99308E3D6 /* [CP] Check Pods Manifest.lock */,
				DD9448EF2737F4AB001C8235 /* Headers */,
				DD9448F02737F4AB001C8235 /* Sources */,
				DD9448F12737F4AB001C8235 /* Frameworks */,
				DD9448F22737F4AB001C8235 /* Resources */,
			);
			buildRules = (
			);
			dependencies = (
			);
			name = Network;
			productName = Network;
			productReference = DD9448F42737F4AB001C8235 /* Network.framework */;
			productType = "com.apple.product-type.framework";
		};
		DD9448FB2737F4AB001C8235 /* NetworkTests */ = {
			isa = PBXNativeTarget;
			buildConfigurationList = DD9449102737F4AB001C8235 /* Build configuration list for PBXNativeTarget "NetworkTests" */;
			buildPhases = (
				A4C903369D73948926C98D6B /* [CP] Check Pods Manifest.lock */,
				DD9448F82737F4AB001C8235 /* Sources */,
				DD9448F92737F4AB001C8235 /* Frameworks */,
				DD9448FA2737F4AB001C8235 /* Resources */,
				EE62B3EF3C261D2F875D5E6C /* [CP] Embed Pods Frameworks */,
			);
			buildRules = (
			);
			dependencies = (
				DD9448FF2737F4AB001C8235 /* PBXTargetDependency */,
				DD9449012737F4AB001C8235 /* PBXTargetDependency */,
			);
			name = NetworkTests;
			productName = NetworkTests;
			productReference = DD9448FC2737F4AB001C8235 /* NetworkTests.xctest */;
			productType = "com.apple.product-type.bundle.unit-test";
		};
/* End PBXNativeTarget section */

/* Begin PBXProject section */
		DD94488D2737F047001C8235 /* Project object */ = {
			isa = PBXProject;
			attributes = {
				LastSwiftUpdateCheck = 1250;
				LastUpgradeCheck = 1250;
				TargetAttributes = {
					DD9448942737F047001C8235 = {
						CreatedOnToolsVersion = 12.5.1;
					};
					DD9448AA2737F048001C8235 = {
						CreatedOnToolsVersion = 12.5.1;
						TestTargetID = DD9448942737F047001C8235;
					};
					DD9448B52737F048001C8235 = {
						CreatedOnToolsVersion = 12.5.1;
						TestTargetID = DD9448942737F047001C8235;
					};
					DD9448D02737F3D0001C8235 = {
						CreatedOnToolsVersion = 12.5.1;
						LastSwiftMigration = 1250;
					};
					DD9448D82737F3D0001C8235 = {
						CreatedOnToolsVersion = 12.5.1;
						TestTargetID = DD9448942737F047001C8235;
					};
					DD9448F32737F4AB001C8235 = {
						CreatedOnToolsVersion = 12.5.1;
						LastSwiftMigration = 1250;
					};
					DD9448FB2737F4AB001C8235 = {
						CreatedOnToolsVersion = 12.5.1;
						TestTargetID = DD9448942737F047001C8235;
					};
				};
			};
			buildConfigurationList = DD9448902737F047001C8235 /* Build configuration list for PBXProject "TMDB" */;
			compatibilityVersion = "Xcode 9.3";
			developmentRegion = en;
			hasScannedForEncodings = 0;
			knownRegions = (
				en,
				Base,
			);
			mainGroup = DD94488C2737F047001C8235;
			productRefGroup = DD9448962737F047001C8235 /* Products */;
			projectDirPath = "";
			projectRoot = "";
			targets = (
				DD9448942737F047001C8235 /* TMDB */,
				DD9448AA2737F048001C8235 /* TMDBTests */,
				DD9448B52737F048001C8235 /* TMDBUITests */,
				DD9448D02737F3D0001C8235 /* Domain */,
				DD9448D82737F3D0001C8235 /* DomainTests */,
				DD9448F32737F4AB001C8235 /* Network */,
				DD9448FB2737F4AB001C8235 /* NetworkTests */,
			);
		};
/* End PBXProject section */

/* Begin PBXResourcesBuildPhase section */
		DD9448932737F047001C8235 /* Resources */ = {
			isa = PBXResourcesBuildPhase;
			buildActionMask = 2147483647;
			files = (
				DD9448A52737F048001C8235 /* LaunchScreen.storyboard in Resources */,
				DD9448A22737F048001C8235 /* Assets.xcassets in Resources */,
			);
			runOnlyForDeploymentPostprocessing = 0;
		};
		DD9448A92737F048001C8235 /* Resources */ = {
			isa = PBXResourcesBuildPhase;
			buildActionMask = 2147483647;
			files = (
			);
			runOnlyForDeploymentPostprocessing = 0;
		};
		DD9448B42737F048001C8235 /* Resources */ = {
			isa = PBXResourcesBuildPhase;
			buildActionMask = 2147483647;
			files = (
			);
			runOnlyForDeploymentPostprocessing = 0;
		};
		DD9448CF2737F3D0001C8235 /* Resources */ = {
			isa = PBXResourcesBuildPhase;
			buildActionMask = 2147483647;
			files = (
			);
			runOnlyForDeploymentPostprocessing = 0;
		};
		DD9448D72737F3D0001C8235 /* Resources */ = {
			isa = PBXResourcesBuildPhase;
			buildActionMask = 2147483647;
			files = (
			);
			runOnlyForDeploymentPostprocessing = 0;
		};
		DD9448F22737F4AB001C8235 /* Resources */ = {
			isa = PBXResourcesBuildPhase;
			buildActionMask = 2147483647;
			files = (
			);
			runOnlyForDeploymentPostprocessing = 0;
		};
		DD9448FA2737F4AB001C8235 /* Resources */ = {
			isa = PBXResourcesBuildPhase;
			buildActionMask = 2147483647;
			files = (
			);
			runOnlyForDeploymentPostprocessing = 0;
		};
/* End PBXResourcesBuildPhase section */

/* Begin PBXShellScriptBuildPhase section */
		0E6FB19BEF861DF563E604FB /* [CP] Check Pods Manifest.lock */ = {
			isa = PBXShellScriptBuildPhase;
			buildActionMask = 2147483647;
			files = (
			);
			inputFileListPaths = (
			);
			inputPaths = (
				"${PODS_PODFILE_DIR_PATH}/Podfile.lock",
				"${PODS_ROOT}/Manifest.lock",
			);
			name = "[CP] Check Pods Manifest.lock";
			outputFileListPaths = (
			);
			outputPaths = (
				"$(DERIVED_FILE_DIR)/Pods-TMDB-TMDBUITests-checkManifestLockResult.txt",
			);
			runOnlyForDeploymentPostprocessing = 0;
			shellPath = /bin/sh;
			shellScript = "diff \"${PODS_PODFILE_DIR_PATH}/Podfile.lock\" \"${PODS_ROOT}/Manifest.lock\" > /dev/null\nif [ $? != 0 ] ; then\n    # print error to STDERR\n    echo \"error: The sandbox is not in sync with the Podfile.lock. Run 'pod install' or update your CocoaPods installation.\" >&2\n    exit 1\nfi\n# This output is used by Xcode 'outputs' to avoid re-running this script phase.\necho \"SUCCESS\" > \"${SCRIPT_OUTPUT_FILE_0}\"\n";
			showEnvVarsInLog = 0;
		};
		173AE11C418BAF6CEBFD8A9E /* [CP] Embed Pods Frameworks */ = {
			isa = PBXShellScriptBuildPhase;
			buildActionMask = 2147483647;
			files = (
			);
			inputFileListPaths = (
				"${PODS_ROOT}/Target Support Files/Pods-TMDB-TMDBUITests/Pods-TMDB-TMDBUITests-frameworks-${CONFIGURATION}-input-files.xcfilelist",
			);
			name = "[CP] Embed Pods Frameworks";
			outputFileListPaths = (
				"${PODS_ROOT}/Target Support Files/Pods-TMDB-TMDBUITests/Pods-TMDB-TMDBUITests-frameworks-${CONFIGURATION}-output-files.xcfilelist",
			);
			runOnlyForDeploymentPostprocessing = 0;
			shellPath = /bin/sh;
			shellScript = "\"${PODS_ROOT}/Target Support Files/Pods-TMDB-TMDBUITests/Pods-TMDB-TMDBUITests-frameworks.sh\"\n";
			showEnvVarsInLog = 0;
		};
		1C0ABA4BC8946490C05E069A /* [CP] Embed Pods Frameworks */ = {
			isa = PBXShellScriptBuildPhase;
			buildActionMask = 2147483647;
			files = (
			);
			inputFileListPaths = (
				"${PODS_ROOT}/Target Support Files/Pods-TMDB/Pods-TMDB-frameworks-${CONFIGURATION}-input-files.xcfilelist",
			);
			name = "[CP] Embed Pods Frameworks";
			outputFileListPaths = (
				"${PODS_ROOT}/Target Support Files/Pods-TMDB/Pods-TMDB-frameworks-${CONFIGURATION}-output-files.xcfilelist",
			);
			runOnlyForDeploymentPostprocessing = 0;
			shellPath = /bin/sh;
			shellScript = "\"${PODS_ROOT}/Target Support Files/Pods-TMDB/Pods-TMDB-frameworks.sh\"\n";
			showEnvVarsInLog = 0;
		};
		3C7396759E5932B02BF9E34C /* [CP] Check Pods Manifest.lock */ = {
			isa = PBXShellScriptBuildPhase;
			buildActionMask = 2147483647;
			files = (
			);
			inputFileListPaths = (
			);
			inputPaths = (
				"${PODS_PODFILE_DIR_PATH}/Podfile.lock",
				"${PODS_ROOT}/Manifest.lock",
			);
			name = "[CP] Check Pods Manifest.lock";
			outputFileListPaths = (
			);
			outputPaths = (
				"$(DERIVED_FILE_DIR)/Pods-TMDB-checkManifestLockResult.txt",
			);
			runOnlyForDeploymentPostprocessing = 0;
			shellPath = /bin/sh;
			shellScript = "diff \"${PODS_PODFILE_DIR_PATH}/Podfile.lock\" \"${PODS_ROOT}/Manifest.lock\" > /dev/null\nif [ $? != 0 ] ; then\n    # print error to STDERR\n    echo \"error: The sandbox is not in sync with the Podfile.lock. Run 'pod install' or update your CocoaPods installation.\" >&2\n    exit 1\nfi\n# This output is used by Xcode 'outputs' to avoid re-running this script phase.\necho \"SUCCESS\" > \"${SCRIPT_OUTPUT_FILE_0}\"\n";
			showEnvVarsInLog = 0;
		};
		5B268526E2B62AD9EC59D4C0 /* [CP] Check Pods Manifest.lock */ = {
			isa = PBXShellScriptBuildPhase;
			buildActionMask = 2147483647;
			files = (
			);
			inputFileListPaths = (
			);
			inputPaths = (
				"${PODS_PODFILE_DIR_PATH}/Podfile.lock",
				"${PODS_ROOT}/Manifest.lock",
			);
			name = "[CP] Check Pods Manifest.lock";
			outputFileListPaths = (
			);
			outputPaths = (
				"$(DERIVED_FILE_DIR)/Pods-TMDBTests-checkManifestLockResult.txt",
			);
			runOnlyForDeploymentPostprocessing = 0;
			shellPath = /bin/sh;
			shellScript = "diff \"${PODS_PODFILE_DIR_PATH}/Podfile.lock\" \"${PODS_ROOT}/Manifest.lock\" > /dev/null\nif [ $? != 0 ] ; then\n    # print error to STDERR\n    echo \"error: The sandbox is not in sync with the Podfile.lock. Run 'pod install' or update your CocoaPods installation.\" >&2\n    exit 1\nfi\n# This output is used by Xcode 'outputs' to avoid re-running this script phase.\necho \"SUCCESS\" > \"${SCRIPT_OUTPUT_FILE_0}\"\n";
			showEnvVarsInLog = 0;
		};
		A4C903369D73948926C98D6B /* [CP] Check Pods Manifest.lock */ = {
			isa = PBXShellScriptBuildPhase;
			buildActionMask = 2147483647;
			files = (
			);
			inputFileListPaths = (
			);
			inputPaths = (
				"${PODS_PODFILE_DIR_PATH}/Podfile.lock",
				"${PODS_ROOT}/Manifest.lock",
			);
			name = "[CP] Check Pods Manifest.lock";
			outputFileListPaths = (
			);
			outputPaths = (
				"$(DERIVED_FILE_DIR)/Pods-Network-NetworkTests-checkManifestLockResult.txt",
			);
			runOnlyForDeploymentPostprocessing = 0;
			shellPath = /bin/sh;
			shellScript = "diff \"${PODS_PODFILE_DIR_PATH}/Podfile.lock\" \"${PODS_ROOT}/Manifest.lock\" > /dev/null\nif [ $? != 0 ] ; then\n    # print error to STDERR\n    echo \"error: The sandbox is not in sync with the Podfile.lock. Run 'pod install' or update your CocoaPods installation.\" >&2\n    exit 1\nfi\n# This output is used by Xcode 'outputs' to avoid re-running this script phase.\necho \"SUCCESS\" > \"${SCRIPT_OUTPUT_FILE_0}\"\n";
			showEnvVarsInLog = 0;
		};
		B347B7DD6131E96B745B36D3 /* [CP] Embed Pods Frameworks */ = {
			isa = PBXShellScriptBuildPhase;
			buildActionMask = 2147483647;
			files = (
			);
			inputFileListPaths = (
				"${PODS_ROOT}/Target Support Files/Pods-Domain-DomainTests/Pods-Domain-DomainTests-frameworks-${CONFIGURATION}-input-files.xcfilelist",
			);
			name = "[CP] Embed Pods Frameworks";
			outputFileListPaths = (
				"${PODS_ROOT}/Target Support Files/Pods-Domain-DomainTests/Pods-Domain-DomainTests-frameworks-${CONFIGURATION}-output-files.xcfilelist",
			);
			runOnlyForDeploymentPostprocessing = 0;
			shellPath = /bin/sh;
			shellScript = "\"${PODS_ROOT}/Target Support Files/Pods-Domain-DomainTests/Pods-Domain-DomainTests-frameworks.sh\"\n";
			showEnvVarsInLog = 0;
		};
		BC912A855CB1706EA660CCBC /* [CP] Check Pods Manifest.lock */ = {
			isa = PBXShellScriptBuildPhase;
			buildActionMask = 2147483647;
			files = (
			);
			inputFileListPaths = (
			);
			inputPaths = (
				"${PODS_PODFILE_DIR_PATH}/Podfile.lock",
				"${PODS_ROOT}/Manifest.lock",
			);
			name = "[CP] Check Pods Manifest.lock";
			outputFileListPaths = (
			);
			outputPaths = (
				"$(DERIVED_FILE_DIR)/Pods-Domain-checkManifestLockResult.txt",
			);
			runOnlyForDeploymentPostprocessing = 0;
			shellPath = /bin/sh;
			shellScript = "diff \"${PODS_PODFILE_DIR_PATH}/Podfile.lock\" \"${PODS_ROOT}/Manifest.lock\" > /dev/null\nif [ $? != 0 ] ; then\n    # print error to STDERR\n    echo \"error: The sandbox is not in sync with the Podfile.lock. Run 'pod install' or update your CocoaPods installation.\" >&2\n    exit 1\nfi\n# This output is used by Xcode 'outputs' to avoid re-running this script phase.\necho \"SUCCESS\" > \"${SCRIPT_OUTPUT_FILE_0}\"\n";
			showEnvVarsInLog = 0;
		};
		CB26C1F853A13112FD86C532 /* [CP] Check Pods Manifest.lock */ = {
			isa = PBXShellScriptBuildPhase;
			buildActionMask = 2147483647;
			files = (
			);
			inputFileListPaths = (
			);
			inputPaths = (
				"${PODS_PODFILE_DIR_PATH}/Podfile.lock",
				"${PODS_ROOT}/Manifest.lock",
			);
			name = "[CP] Check Pods Manifest.lock";
			outputFileListPaths = (
			);
			outputPaths = (
				"$(DERIVED_FILE_DIR)/Pods-Domain-DomainTests-checkManifestLockResult.txt",
			);
			runOnlyForDeploymentPostprocessing = 0;
			shellPath = /bin/sh;
			shellScript = "diff \"${PODS_PODFILE_DIR_PATH}/Podfile.lock\" \"${PODS_ROOT}/Manifest.lock\" > /dev/null\nif [ $? != 0 ] ; then\n    # print error to STDERR\n    echo \"error: The sandbox is not in sync with the Podfile.lock. Run 'pod install' or update your CocoaPods installation.\" >&2\n    exit 1\nfi\n# This output is used by Xcode 'outputs' to avoid re-running this script phase.\necho \"SUCCESS\" > \"${SCRIPT_OUTPUT_FILE_0}\"\n";
			showEnvVarsInLog = 0;
		};
		EE088B914DE54AD99308E3D6 /* [CP] Check Pods Manifest.lock */ = {
			isa = PBXShellScriptBuildPhase;
			buildActionMask = 2147483647;
			files = (
			);
			inputFileListPaths = (
			);
			inputPaths = (
				"${PODS_PODFILE_DIR_PATH}/Podfile.lock",
				"${PODS_ROOT}/Manifest.lock",
			);
			name = "[CP] Check Pods Manifest.lock";
			outputFileListPaths = (
			);
			outputPaths = (
				"$(DERIVED_FILE_DIR)/Pods-Network-checkManifestLockResult.txt",
			);
			runOnlyForDeploymentPostprocessing = 0;
			shellPath = /bin/sh;
			shellScript = "diff \"${PODS_PODFILE_DIR_PATH}/Podfile.lock\" \"${PODS_ROOT}/Manifest.lock\" > /dev/null\nif [ $? != 0 ] ; then\n    # print error to STDERR\n    echo \"error: The sandbox is not in sync with the Podfile.lock. Run 'pod install' or update your CocoaPods installation.\" >&2\n    exit 1\nfi\n# This output is used by Xcode 'outputs' to avoid re-running this script phase.\necho \"SUCCESS\" > \"${SCRIPT_OUTPUT_FILE_0}\"\n";
			showEnvVarsInLog = 0;
		};
		EE62B3EF3C261D2F875D5E6C /* [CP] Embed Pods Frameworks */ = {
			isa = PBXShellScriptBuildPhase;
			buildActionMask = 2147483647;
			files = (
			);
			inputFileListPaths = (
				"${PODS_ROOT}/Target Support Files/Pods-Network-NetworkTests/Pods-Network-NetworkTests-frameworks-${CONFIGURATION}-input-files.xcfilelist",
			);
			name = "[CP] Embed Pods Frameworks";
			outputFileListPaths = (
				"${PODS_ROOT}/Target Support Files/Pods-Network-NetworkTests/Pods-Network-NetworkTests-frameworks-${CONFIGURATION}-output-files.xcfilelist",
			);
			runOnlyForDeploymentPostprocessing = 0;
			shellPath = /bin/sh;
			shellScript = "\"${PODS_ROOT}/Target Support Files/Pods-Network-NetworkTests/Pods-Network-NetworkTests-frameworks.sh\"\n";
			showEnvVarsInLog = 0;
		};
/* End PBXShellScriptBuildPhase section */

/* Begin PBXSourcesBuildPhase section */
		DD9448912737F047001C8235 /* Sources */ = {
			isa = PBXSourcesBuildPhase;
			buildActionMask = 2147483647;
			files = (
				DD0B76E72739766E00817F3F /* GradientView.swift in Sources */,
				DD0B76E127396E9500817F3F /* UICollectionViewCell+ReuseId.swift in Sources */,
				DD94492A27380133001C8235 /* Dependency.swift in Sources */,
				DD0B76EC2739AD8900817F3F /* PopularSeriesViewController+UICollectionViewDelegate.swift in Sources */,
				DD0B76D427395F0600817F3F /* MovieCollectionViewCell.swift in Sources */,
				DD9448992737F047001C8235 /* AppDelegate.swift in Sources */,
				DD9449332738084F001C8235 /* AppStep.swift in Sources */,
				DD94493527380CC1001C8235 /* AppFlow.swift in Sources */,
				DD0B76F52739B7E000817F3F /* MovieDetailViewController.swift in Sources */,
				DD0B76EE2739B19B00817F3F /* InsetLabel.swift in Sources */,
				DD0B76CF27394EA300817F3F /* Observable.swift in Sources */,
				DD94492C27380234001C8235 /* ViewModelsAssembly.swift in Sources */,
				DD0B76D6273964E400817F3F /* MoviesCollectionViewFlowLayout.swift in Sources */,
				DD0B76E327396F4A00817F3F /* PopularSeriesViewController+UICollectionViewDataSource.swift in Sources */,
				DD0B7712273AAA2B00817F3F /* CoordinatorsAssembly.swift in Sources */,
				DD94491C2737FA65001C8235 /* PopularSeriesViewModel.swift in Sources */,
				DD9449192737F8C9001C8235 /* ViewModel.swift in Sources */,
				DD94491E2737FAD1001C8235 /* PopularSeriesViewController.swift in Sources */,
				DD94492E2738027E001C8235 /* ViewControllersAssembly.swift in Sources */,
				DD9449302738037B001C8235 /* ServicesAssembly.swift in Sources */,
				DD94489B2737F047001C8235 /* SceneDelegate.swift in Sources */,
				DD0B76EA2739821C00817F3F /* PaginationContext.swift in Sources */,
				DD0B7710273A661B00817F3F /* MovieView.swift in Sources */,
				DD0B76DD273968EF00817F3F /* MovieItemViewModel.swift in Sources */,
				DD0B76F32739B69900817F3F /* MovieDetailViewModel.swift in Sources */,
				DD0B76D82739685900817F3F /* MovieRepresentable.swift in Sources */,
			);
			runOnlyForDeploymentPostprocessing = 0;
		};
		DD9448A72737F048001C8235 /* Sources */ = {
			isa = PBXSourcesBuildPhase;
			buildActionMask = 2147483647;
			files = (
				DD9448B02737F048001C8235 /* TMDBTests.swift in Sources */,
			);
			runOnlyForDeploymentPostprocessing = 0;
		};
		DD9448B22737F048001C8235 /* Sources */ = {
			isa = PBXSourcesBuildPhase;
			buildActionMask = 2147483647;
			files = (
				DD9448BB2737F048001C8235 /* TMDBUITests.swift in Sources */,
			);
			runOnlyForDeploymentPostprocessing = 0;
		};
		DD9448CD2737F3D0001C8235 /* Sources */ = {
			isa = PBXSourcesBuildPhase;
			buildActionMask = 2147483647;
			files = (
				DD944957273822A4001C8235 /* Movie.swift in Sources */,
				DD94495527382020001C8235 /* MoviesResult.swift in Sources */,
				DD94495B2738232E001C8235 /* MoviesService.swift in Sources */,
			);
			runOnlyForDeploymentPostprocessing = 0;
		};
		DD9448D52737F3D0001C8235 /* Sources */ = {
			isa = PBXSourcesBuildPhase;
			buildActionMask = 2147483647;
			files = (
				DD9448E12737F3D0001C8235 /* DomainTests.swift in Sources */,
			);
			runOnlyForDeploymentPostprocessing = 0;
		};
		DD9448F02737F4AB001C8235 /* Sources */ = {
			isa = PBXSourcesBuildPhase;
			buildActionMask = 2147483647;
			files = (
				DD0B76D1273955DB00817F3F /* AuthenticationPlugin.swift in Sources */,
				DD94496E27391D91001C8235 /* API.swift in Sources */,
				DD94496927391C1F001C8235 /* MoviesService.swift in Sources */,
				DD0B76CC2739430200817F3F /* NetworkProvider.swift in Sources */,
			);
			runOnlyForDeploymentPostprocessing = 0;
		};
		DD9448F82737F4AB001C8235 /* Sources */ = {
			isa = PBXSourcesBuildPhase;
			buildActionMask = 2147483647;
			files = (
				DD9449042737F4AB001C8235 /* NetworkTests.swift in Sources */,
			);
			runOnlyForDeploymentPostprocessing = 0;
		};
/* End PBXSourcesBuildPhase section */

/* Begin PBXTargetDependency section */
		DD9448AD2737F048001C8235 /* PBXTargetDependency */ = {
			isa = PBXTargetDependency;
			target = DD9448942737F047001C8235 /* TMDB */;
			targetProxy = DD9448AC2737F048001C8235 /* PBXContainerItemProxy */;
		};
		DD9448B82737F048001C8235 /* PBXTargetDependency */ = {
			isa = PBXTargetDependency;
			target = DD9448942737F047001C8235 /* TMDB */;
			targetProxy = DD9448B72737F048001C8235 /* PBXContainerItemProxy */;
		};
		DD9448DC2737F3D0001C8235 /* PBXTargetDependency */ = {
			isa = PBXTargetDependency;
			target = DD9448D02737F3D0001C8235 /* Domain */;
			targetProxy = DD9448DB2737F3D0001C8235 /* PBXContainerItemProxy */;
		};
		DD9448DE2737F3D0001C8235 /* PBXTargetDependency */ = {
			isa = PBXTargetDependency;
			target = DD9448942737F047001C8235 /* TMDB */;
			targetProxy = DD9448DD2737F3D0001C8235 /* PBXContainerItemProxy */;
		};
		DD9448E52737F3D0001C8235 /* PBXTargetDependency */ = {
			isa = PBXTargetDependency;
			target = DD9448D02737F3D0001C8235 /* Domain */;
			targetProxy = DD9448E42737F3D0001C8235 /* PBXContainerItemProxy */;
		};
		DD9448FF2737F4AB001C8235 /* PBXTargetDependency */ = {
			isa = PBXTargetDependency;
			target = DD9448F32737F4AB001C8235 /* Network */;
			targetProxy = DD9448FE2737F4AB001C8235 /* PBXContainerItemProxy */;
		};
		DD9449012737F4AB001C8235 /* PBXTargetDependency */ = {
			isa = PBXTargetDependency;
			target = DD9448942737F047001C8235 /* TMDB */;
			targetProxy = DD9449002737F4AB001C8235 /* PBXContainerItemProxy */;
		};
		DD9449082737F4AB001C8235 /* PBXTargetDependency */ = {
			isa = PBXTargetDependency;
			target = DD9448F32737F4AB001C8235 /* Network */;
			targetProxy = DD9449072737F4AB001C8235 /* PBXContainerItemProxy */;
		};
/* End PBXTargetDependency section */

/* Begin PBXVariantGroup section */
		DD9448A32737F048001C8235 /* LaunchScreen.storyboard */ = {
			isa = PBXVariantGroup;
			children = (
				DD9448A42737F048001C8235 /* Base */,
			);
			name = LaunchScreen.storyboard;
			sourceTree = "<group>";
		};
/* End PBXVariantGroup section */

/* Begin XCBuildConfiguration section */
		DD9448BD2737F048001C8235 /* Debug */ = {
			isa = XCBuildConfiguration;
			buildSettings = {
				ALWAYS_SEARCH_USER_PATHS = NO;
				CLANG_ANALYZER_NONNULL = YES;
				CLANG_ANALYZER_NUMBER_OBJECT_CONVERSION = YES_AGGRESSIVE;
				CLANG_CXX_LANGUAGE_STANDARD = "gnu++14";
				CLANG_CXX_LIBRARY = "libc++";
				CLANG_ENABLE_MODULES = YES;
				CLANG_ENABLE_OBJC_ARC = YES;
				CLANG_ENABLE_OBJC_WEAK = YES;
				CLANG_WARN_BLOCK_CAPTURE_AUTORELEASING = YES;
				CLANG_WARN_BOOL_CONVERSION = YES;
				CLANG_WARN_COMMA = YES;
				CLANG_WARN_CONSTANT_CONVERSION = YES;
				CLANG_WARN_DEPRECATED_OBJC_IMPLEMENTATIONS = YES;
				CLANG_WARN_DIRECT_OBJC_ISA_USAGE = YES_ERROR;
				CLANG_WARN_DOCUMENTATION_COMMENTS = YES;
				CLANG_WARN_EMPTY_BODY = YES;
				CLANG_WARN_ENUM_CONVERSION = YES;
				CLANG_WARN_INFINITE_RECURSION = YES;
				CLANG_WARN_INT_CONVERSION = YES;
				CLANG_WARN_NON_LITERAL_NULL_CONVERSION = YES;
				CLANG_WARN_OBJC_IMPLICIT_RETAIN_SELF = YES;
				CLANG_WARN_OBJC_LITERAL_CONVERSION = YES;
				CLANG_WARN_OBJC_ROOT_CLASS = YES_ERROR;
				CLANG_WARN_QUOTED_INCLUDE_IN_FRAMEWORK_HEADER = YES;
				CLANG_WARN_RANGE_LOOP_ANALYSIS = YES;
				CLANG_WARN_STRICT_PROTOTYPES = YES;
				CLANG_WARN_SUSPICIOUS_MOVE = YES;
				CLANG_WARN_UNGUARDED_AVAILABILITY = YES_AGGRESSIVE;
				CLANG_WARN_UNREACHABLE_CODE = YES;
				CLANG_WARN__DUPLICATE_METHOD_MATCH = YES;
				COPY_PHASE_STRIP = NO;
				DEBUG_INFORMATION_FORMAT = dwarf;
				ENABLE_STRICT_OBJC_MSGSEND = YES;
				ENABLE_TESTABILITY = YES;
				GCC_C_LANGUAGE_STANDARD = gnu11;
				GCC_DYNAMIC_NO_PIC = NO;
				GCC_NO_COMMON_BLOCKS = YES;
				GCC_OPTIMIZATION_LEVEL = 0;
				GCC_PREPROCESSOR_DEFINITIONS = (
					"DEBUG=1",
					"$(inherited)",
				);
				GCC_WARN_64_TO_32_BIT_CONVERSION = YES;
				GCC_WARN_ABOUT_RETURN_TYPE = YES_ERROR;
				GCC_WARN_UNDECLARED_SELECTOR = YES;
				GCC_WARN_UNINITIALIZED_AUTOS = YES_AGGRESSIVE;
				GCC_WARN_UNUSED_FUNCTION = YES;
				GCC_WARN_UNUSED_VARIABLE = YES;
				IPHONEOS_DEPLOYMENT_TARGET = 14.5;
				MTL_ENABLE_DEBUG_INFO = INCLUDE_SOURCE;
				MTL_FAST_MATH = YES;
				ONLY_ACTIVE_ARCH = YES;
				SDKROOT = iphoneos;
				SWIFT_ACTIVE_COMPILATION_CONDITIONS = DEBUG;
				SWIFT_OPTIMIZATION_LEVEL = "-Onone";
			};
			name = Debug;
		};
		DD9448BE2737F048001C8235 /* Release */ = {
			isa = XCBuildConfiguration;
			buildSettings = {
				ALWAYS_SEARCH_USER_PATHS = NO;
				CLANG_ANALYZER_NONNULL = YES;
				CLANG_ANALYZER_NUMBER_OBJECT_CONVERSION = YES_AGGRESSIVE;
				CLANG_CXX_LANGUAGE_STANDARD = "gnu++14";
				CLANG_CXX_LIBRARY = "libc++";
				CLANG_ENABLE_MODULES = YES;
				CLANG_ENABLE_OBJC_ARC = YES;
				CLANG_ENABLE_OBJC_WEAK = YES;
				CLANG_WARN_BLOCK_CAPTURE_AUTORELEASING = YES;
				CLANG_WARN_BOOL_CONVERSION = YES;
				CLANG_WARN_COMMA = YES;
				CLANG_WARN_CONSTANT_CONVERSION = YES;
				CLANG_WARN_DEPRECATED_OBJC_IMPLEMENTATIONS = YES;
				CLANG_WARN_DIRECT_OBJC_ISA_USAGE = YES_ERROR;
				CLANG_WARN_DOCUMENTATION_COMMENTS = YES;
				CLANG_WARN_EMPTY_BODY = YES;
				CLANG_WARN_ENUM_CONVERSION = YES;
				CLANG_WARN_INFINITE_RECURSION = YES;
				CLANG_WARN_INT_CONVERSION = YES;
				CLANG_WARN_NON_LITERAL_NULL_CONVERSION = YES;
				CLANG_WARN_OBJC_IMPLICIT_RETAIN_SELF = YES;
				CLANG_WARN_OBJC_LITERAL_CONVERSION = YES;
				CLANG_WARN_OBJC_ROOT_CLASS = YES_ERROR;
				CLANG_WARN_QUOTED_INCLUDE_IN_FRAMEWORK_HEADER = YES;
				CLANG_WARN_RANGE_LOOP_ANALYSIS = YES;
				CLANG_WARN_STRICT_PROTOTYPES = YES;
				CLANG_WARN_SUSPICIOUS_MOVE = YES;
				CLANG_WARN_UNGUARDED_AVAILABILITY = YES_AGGRESSIVE;
				CLANG_WARN_UNREACHABLE_CODE = YES;
				CLANG_WARN__DUPLICATE_METHOD_MATCH = YES;
				COPY_PHASE_STRIP = NO;
				DEBUG_INFORMATION_FORMAT = "dwarf-with-dsym";
				ENABLE_NS_ASSERTIONS = NO;
				ENABLE_STRICT_OBJC_MSGSEND = YES;
				GCC_C_LANGUAGE_STANDARD = gnu11;
				GCC_NO_COMMON_BLOCKS = YES;
				GCC_WARN_64_TO_32_BIT_CONVERSION = YES;
				GCC_WARN_ABOUT_RETURN_TYPE = YES_ERROR;
				GCC_WARN_UNDECLARED_SELECTOR = YES;
				GCC_WARN_UNINITIALIZED_AUTOS = YES_AGGRESSIVE;
				GCC_WARN_UNUSED_FUNCTION = YES;
				GCC_WARN_UNUSED_VARIABLE = YES;
				IPHONEOS_DEPLOYMENT_TARGET = 14.5;
				MTL_ENABLE_DEBUG_INFO = NO;
				MTL_FAST_MATH = YES;
				SDKROOT = iphoneos;
				SWIFT_COMPILATION_MODE = wholemodule;
				SWIFT_OPTIMIZATION_LEVEL = "-O";
				VALIDATE_PRODUCT = YES;
			};
			name = Release;
		};
		DD9448C02737F048001C8235 /* Debug */ = {
			isa = XCBuildConfiguration;
			baseConfigurationReference = C8072C3A5EFD20B7F93AD2E9 /* Pods-TMDB.debug.xcconfig */;
			buildSettings = {
				ALWAYS_EMBED_SWIFT_STANDARD_LIBRARIES = "$(inherited)";
				ASSETCATALOG_COMPILER_APPICON_NAME = AppIcon;
				ASSETCATALOG_COMPILER_GLOBAL_ACCENT_COLOR_NAME = AccentColor;
				CODE_SIGN_STYLE = Automatic;
				DEVELOPMENT_TEAM = ZL85VTVZDZ;
				INFOPLIST_FILE = "TMDB/Supporting Files/Info.plist";
				IPHONEOS_DEPLOYMENT_TARGET = 13.0;
				LD_RUNPATH_SEARCH_PATHS = (
					"$(inherited)",
					"@executable_path/Frameworks",
				);
				OTHER_LDFLAGS = "$(inherited)";
				PRODUCT_BUNDLE_IDENTIFIER = com.grighakobian.TMDB;
				PRODUCT_NAME = "$(TARGET_NAME)";
				SWIFT_VERSION = 5.0;
				TARGETED_DEVICE_FAMILY = 1;
			};
			name = Debug;
		};
		DD9448C12737F048001C8235 /* Release */ = {
			isa = XCBuildConfiguration;
			baseConfigurationReference = 5783F1059070A1767A63E48F /* Pods-TMDB.release.xcconfig */;
			buildSettings = {
				ALWAYS_EMBED_SWIFT_STANDARD_LIBRARIES = "$(inherited)";
				ASSETCATALOG_COMPILER_APPICON_NAME = AppIcon;
				ASSETCATALOG_COMPILER_GLOBAL_ACCENT_COLOR_NAME = AccentColor;
				CODE_SIGN_STYLE = Automatic;
				DEVELOPMENT_TEAM = ZL85VTVZDZ;
				INFOPLIST_FILE = "TMDB/Supporting Files/Info.plist";
				IPHONEOS_DEPLOYMENT_TARGET = 13.0;
				LD_RUNPATH_SEARCH_PATHS = (
					"$(inherited)",
					"@executable_path/Frameworks",
				);
				OTHER_LDFLAGS = "$(inherited)";
				PRODUCT_BUNDLE_IDENTIFIER = com.grighakobian.TMDB;
				PRODUCT_NAME = "$(TARGET_NAME)";
				SWIFT_VERSION = 5.0;
				TARGETED_DEVICE_FAMILY = 1;
			};
			name = Release;
		};
		DD9448C32737F048001C8235 /* Debug */ = {
			isa = XCBuildConfiguration;
			baseConfigurationReference = 7E4C3595324BB761A9C880FF /* Pods-TMDBTests.debug.xcconfig */;
			buildSettings = {
				ALWAYS_EMBED_SWIFT_STANDARD_LIBRARIES = "$(inherited)";
				BUNDLE_LOADER = "$(TEST_HOST)";
				CODE_SIGN_STYLE = Automatic;
				DEVELOPMENT_TEAM = ZL85VTVZDZ;
				INFOPLIST_FILE = TMDBTests/Info.plist;
				IPHONEOS_DEPLOYMENT_TARGET = 14.5;
				LD_RUNPATH_SEARCH_PATHS = (
					"$(inherited)",
					"@executable_path/Frameworks",
					"@loader_path/Frameworks",
				);
				PRODUCT_BUNDLE_IDENTIFIER = com.grighakobian.TMDBTests;
				PRODUCT_NAME = "$(TARGET_NAME)";
				SWIFT_VERSION = 5.0;
				TARGETED_DEVICE_FAMILY = "1,2";
				TEST_HOST = "$(BUILT_PRODUCTS_DIR)/TMDB.app/TMDB";
			};
			name = Debug;
		};
		DD9448C42737F048001C8235 /* Release */ = {
			isa = XCBuildConfiguration;
			baseConfigurationReference = 30073E3099BE4C239AF020AB /* Pods-TMDBTests.release.xcconfig */;
			buildSettings = {
				ALWAYS_EMBED_SWIFT_STANDARD_LIBRARIES = "$(inherited)";
				BUNDLE_LOADER = "$(TEST_HOST)";
				CODE_SIGN_STYLE = Automatic;
				DEVELOPMENT_TEAM = ZL85VTVZDZ;
				INFOPLIST_FILE = TMDBTests/Info.plist;
				IPHONEOS_DEPLOYMENT_TARGET = 14.5;
				LD_RUNPATH_SEARCH_PATHS = (
					"$(inherited)",
					"@executable_path/Frameworks",
					"@loader_path/Frameworks",
				);
				PRODUCT_BUNDLE_IDENTIFIER = com.grighakobian.TMDBTests;
				PRODUCT_NAME = "$(TARGET_NAME)";
				SWIFT_VERSION = 5.0;
				TARGETED_DEVICE_FAMILY = "1,2";
				TEST_HOST = "$(BUILT_PRODUCTS_DIR)/TMDB.app/TMDB";
			};
			name = Release;
		};
		DD9448C62737F048001C8235 /* Debug */ = {
			isa = XCBuildConfiguration;
			baseConfigurationReference = 8504EFA39EA0A857EA3305E0 /* Pods-TMDB-TMDBUITests.debug.xcconfig */;
			buildSettings = {
				ALWAYS_EMBED_SWIFT_STANDARD_LIBRARIES = "$(inherited)";
				CODE_SIGN_STYLE = Automatic;
				DEVELOPMENT_TEAM = ZL85VTVZDZ;
				INFOPLIST_FILE = TMDBUITests/Info.plist;
				LD_RUNPATH_SEARCH_PATHS = (
					"$(inherited)",
					"@executable_path/Frameworks",
					"@loader_path/Frameworks",
				);
				PRODUCT_BUNDLE_IDENTIFIER = com.grighakobian.TMDBUITests;
				PRODUCT_NAME = "$(TARGET_NAME)";
				SWIFT_VERSION = 5.0;
				TARGETED_DEVICE_FAMILY = "1,2";
				TEST_TARGET_NAME = TMDB;
			};
			name = Debug;
		};
		DD9448C72737F048001C8235 /* Release */ = {
			isa = XCBuildConfiguration;
			baseConfigurationReference = 5A440E13D6E3D691C305D329 /* Pods-TMDB-TMDBUITests.release.xcconfig */;
			buildSettings = {
				ALWAYS_EMBED_SWIFT_STANDARD_LIBRARIES = "$(inherited)";
				CODE_SIGN_STYLE = Automatic;
				DEVELOPMENT_TEAM = ZL85VTVZDZ;
				INFOPLIST_FILE = TMDBUITests/Info.plist;
				LD_RUNPATH_SEARCH_PATHS = (
					"$(inherited)",
					"@executable_path/Frameworks",
					"@loader_path/Frameworks",
				);
				PRODUCT_BUNDLE_IDENTIFIER = com.grighakobian.TMDBUITests;
				PRODUCT_NAME = "$(TARGET_NAME)";
				SWIFT_VERSION = 5.0;
				TARGETED_DEVICE_FAMILY = "1,2";
				TEST_TARGET_NAME = TMDB;
			};
			name = Release;
		};
		DD9448E92737F3D0001C8235 /* Debug */ = {
			isa = XCBuildConfiguration;
			baseConfigurationReference = 623E537A3DF900CA8A780C0A /* Pods-Domain.debug.xcconfig */;
			buildSettings = {
				CLANG_ENABLE_MODULES = YES;
				CODE_SIGN_STYLE = Automatic;
				CURRENT_PROJECT_VERSION = 1;
				DEFINES_MODULE = YES;
				DEVELOPMENT_TEAM = ZL85VTVZDZ;
				DYLIB_COMPATIBILITY_VERSION = 1;
				DYLIB_CURRENT_VERSION = 1;
				DYLIB_INSTALL_NAME_BASE = "@rpath";
				INFOPLIST_FILE = Domain/Info.plist;
				INSTALL_PATH = "$(LOCAL_LIBRARY_DIR)/Frameworks";
				IPHONEOS_DEPLOYMENT_TARGET = 13.0;
				LD_RUNPATH_SEARCH_PATHS = (
					"$(inherited)",
					"@executable_path/Frameworks",
					"@loader_path/Frameworks",
				);
				PRODUCT_BUNDLE_IDENTIFIER = com.grighakobian.Domain;
				PRODUCT_NAME = "$(TARGET_NAME:c99extidentifier)";
				SKIP_INSTALL = YES;
				SUPPORTS_MACCATALYST = NO;
				SWIFT_OPTIMIZATION_LEVEL = "-Onone";
				SWIFT_VERSION = 5.0;
				TARGETED_DEVICE_FAMILY = "1,2";
				VERSIONING_SYSTEM = "apple-generic";
				VERSION_INFO_PREFIX = "";
			};
			name = Debug;
		};
		DD9448EA2737F3D0001C8235 /* Release */ = {
			isa = XCBuildConfiguration;
			baseConfigurationReference = DB986C03B0B7CD4A51304AD0 /* Pods-Domain.release.xcconfig */;
			buildSettings = {
				CLANG_ENABLE_MODULES = YES;
				CODE_SIGN_STYLE = Automatic;
				CURRENT_PROJECT_VERSION = 1;
				DEFINES_MODULE = YES;
				DEVELOPMENT_TEAM = ZL85VTVZDZ;
				DYLIB_COMPATIBILITY_VERSION = 1;
				DYLIB_CURRENT_VERSION = 1;
				DYLIB_INSTALL_NAME_BASE = "@rpath";
				INFOPLIST_FILE = Domain/Info.plist;
				INSTALL_PATH = "$(LOCAL_LIBRARY_DIR)/Frameworks";
				IPHONEOS_DEPLOYMENT_TARGET = 13.0;
				LD_RUNPATH_SEARCH_PATHS = (
					"$(inherited)",
					"@executable_path/Frameworks",
					"@loader_path/Frameworks",
				);
				PRODUCT_BUNDLE_IDENTIFIER = com.grighakobian.Domain;
				PRODUCT_NAME = "$(TARGET_NAME:c99extidentifier)";
				SKIP_INSTALL = YES;
				SUPPORTS_MACCATALYST = NO;
				SWIFT_VERSION = 5.0;
				TARGETED_DEVICE_FAMILY = "1,2";
				VERSIONING_SYSTEM = "apple-generic";
				VERSION_INFO_PREFIX = "";
			};
			name = Release;
		};
		DD9448EB2737F3D0001C8235 /* Debug */ = {
			isa = XCBuildConfiguration;
			baseConfigurationReference = 812BB72E5CBB443B2DD5A838 /* Pods-Domain-DomainTests.debug.xcconfig */;
			buildSettings = {
				ALWAYS_EMBED_SWIFT_STANDARD_LIBRARIES = "$(inherited)";
				CODE_SIGN_STYLE = Automatic;
				DEVELOPMENT_TEAM = ZL85VTVZDZ;
				INFOPLIST_FILE = DomainTests/Info.plist;
				LD_RUNPATH_SEARCH_PATHS = (
					"$(inherited)",
					"@executable_path/Frameworks",
					"@loader_path/Frameworks",
				);
				PRODUCT_BUNDLE_IDENTIFIER = com.grighakobian.DomainTests;
				PRODUCT_NAME = "$(TARGET_NAME)";
				SWIFT_VERSION = 5.0;
				TARGETED_DEVICE_FAMILY = "1,2";
				TEST_HOST = "$(BUILT_PRODUCTS_DIR)/TMDB.app/TMDB";
			};
			name = Debug;
		};
		DD9448EC2737F3D0001C8235 /* Release */ = {
			isa = XCBuildConfiguration;
			baseConfigurationReference = 03A7B62D5A365F7C638F5D7B /* Pods-Domain-DomainTests.release.xcconfig */;
			buildSettings = {
				ALWAYS_EMBED_SWIFT_STANDARD_LIBRARIES = "$(inherited)";
				CODE_SIGN_STYLE = Automatic;
				DEVELOPMENT_TEAM = ZL85VTVZDZ;
				INFOPLIST_FILE = DomainTests/Info.plist;
				LD_RUNPATH_SEARCH_PATHS = (
					"$(inherited)",
					"@executable_path/Frameworks",
					"@loader_path/Frameworks",
				);
				PRODUCT_BUNDLE_IDENTIFIER = com.grighakobian.DomainTests;
				PRODUCT_NAME = "$(TARGET_NAME)";
				SWIFT_VERSION = 5.0;
				TARGETED_DEVICE_FAMILY = "1,2";
				TEST_HOST = "$(BUILT_PRODUCTS_DIR)/TMDB.app/TMDB";
			};
			name = Release;
		};
		DD94490B2737F4AB001C8235 /* Debug */ = {
			isa = XCBuildConfiguration;
			baseConfigurationReference = E78F7262A85A018C5C2F896A /* Pods-Network.debug.xcconfig */;
			buildSettings = {
				CLANG_ENABLE_MODULES = YES;
				CODE_SIGN_STYLE = Automatic;
				CURRENT_PROJECT_VERSION = 1;
				DEFINES_MODULE = YES;
				DEVELOPMENT_TEAM = ZL85VTVZDZ;
				DYLIB_COMPATIBILITY_VERSION = 1;
				DYLIB_CURRENT_VERSION = 1;
				DYLIB_INSTALL_NAME_BASE = "@rpath";
				INFOPLIST_FILE = Network/Info.plist;
				INSTALL_PATH = "$(LOCAL_LIBRARY_DIR)/Frameworks";
				IPHONEOS_DEPLOYMENT_TARGET = 13.0;
				LD_RUNPATH_SEARCH_PATHS = (
					"$(inherited)",
					"@executable_path/Frameworks",
					"@loader_path/Frameworks",
				);
				PRODUCT_BUNDLE_IDENTIFIER = com.grighakobian.Network;
				PRODUCT_NAME = "$(TARGET_NAME:c99extidentifier)";
				SKIP_INSTALL = YES;
				SUPPORTS_MACCATALYST = NO;
				SWIFT_OPTIMIZATION_LEVEL = "-Onone";
				SWIFT_VERSION = 5.0;
				TARGETED_DEVICE_FAMILY = "1,2";
				VERSIONING_SYSTEM = "apple-generic";
				VERSION_INFO_PREFIX = "";
			};
			name = Debug;
		};
		DD94490C2737F4AB001C8235 /* Release */ = {
			isa = XCBuildConfiguration;
			baseConfigurationReference = 9AA006C8AB6873AC672CA5CD /* Pods-Network.release.xcconfig */;
			buildSettings = {
				CLANG_ENABLE_MODULES = YES;
				CODE_SIGN_STYLE = Automatic;
				CURRENT_PROJECT_VERSION = 1;
				DEFINES_MODULE = YES;
				DEVELOPMENT_TEAM = ZL85VTVZDZ;
				DYLIB_COMPATIBILITY_VERSION = 1;
				DYLIB_CURRENT_VERSION = 1;
				DYLIB_INSTALL_NAME_BASE = "@rpath";
				INFOPLIST_FILE = Network/Info.plist;
				INSTALL_PATH = "$(LOCAL_LIBRARY_DIR)/Frameworks";
				IPHONEOS_DEPLOYMENT_TARGET = 13.0;
				LD_RUNPATH_SEARCH_PATHS = (
					"$(inherited)",
					"@executable_path/Frameworks",
					"@loader_path/Frameworks",
				);
				PRODUCT_BUNDLE_IDENTIFIER = com.grighakobian.Network;
				PRODUCT_NAME = "$(TARGET_NAME:c99extidentifier)";
				SKIP_INSTALL = YES;
				SUPPORTS_MACCATALYST = NO;
				SWIFT_VERSION = 5.0;
				TARGETED_DEVICE_FAMILY = "1,2";
				VERSIONING_SYSTEM = "apple-generic";
				VERSION_INFO_PREFIX = "";
			};
			name = Release;
		};
		DD94490D2737F4AB001C8235 /* Debug */ = {
			isa = XCBuildConfiguration;
			baseConfigurationReference = 1CB179F84C97B3C59323497C /* Pods-Network-NetworkTests.debug.xcconfig */;
			buildSettings = {
				ALWAYS_EMBED_SWIFT_STANDARD_LIBRARIES = "$(inherited)";
				CODE_SIGN_STYLE = Automatic;
				DEVELOPMENT_TEAM = ZL85VTVZDZ;
				INFOPLIST_FILE = NetworkTests/Info.plist;
				LD_RUNPATH_SEARCH_PATHS = (
					"$(inherited)",
					"@executable_path/Frameworks",
					"@loader_path/Frameworks",
				);
				PRODUCT_BUNDLE_IDENTIFIER = com.grighakobian.NetworkTests;
				PRODUCT_NAME = "$(TARGET_NAME)";
				SWIFT_VERSION = 5.0;
				TARGETED_DEVICE_FAMILY = "1,2";
				TEST_HOST = "$(BUILT_PRODUCTS_DIR)/TMDB.app/TMDB";
			};
			name = Debug;
		};
		DD94490E2737F4AB001C8235 /* Release */ = {
			isa = XCBuildConfiguration;
			baseConfigurationReference = 3C422F924387EE99362BBB8A /* Pods-Network-NetworkTests.release.xcconfig */;
			buildSettings = {
				ALWAYS_EMBED_SWIFT_STANDARD_LIBRARIES = "$(inherited)";
				CODE_SIGN_STYLE = Automatic;
				DEVELOPMENT_TEAM = ZL85VTVZDZ;
				INFOPLIST_FILE = NetworkTests/Info.plist;
				LD_RUNPATH_SEARCH_PATHS = (
					"$(inherited)",
					"@executable_path/Frameworks",
					"@loader_path/Frameworks",
				);
				PRODUCT_BUNDLE_IDENTIFIER = com.grighakobian.NetworkTests;
				PRODUCT_NAME = "$(TARGET_NAME)";
				SWIFT_VERSION = 5.0;
				TARGETED_DEVICE_FAMILY = "1,2";
				TEST_HOST = "$(BUILT_PRODUCTS_DIR)/TMDB.app/TMDB";
			};
			name = Release;
		};
/* End XCBuildConfiguration section */

/* Begin XCConfigurationList section */
		DD9448902737F047001C8235 /* Build configuration list for PBXProject "TMDB" */ = {
			isa = XCConfigurationList;
			buildConfigurations = (
				DD9448BD2737F048001C8235 /* Debug */,
				DD9448BE2737F048001C8235 /* Release */,
			);
			defaultConfigurationIsVisible = 0;
			defaultConfigurationName = Release;
		};
		DD9448BF2737F048001C8235 /* Build configuration list for PBXNativeTarget "TMDB" */ = {
			isa = XCConfigurationList;
			buildConfigurations = (
				DD9448C02737F048001C8235 /* Debug */,
				DD9448C12737F048001C8235 /* Release */,
			);
			defaultConfigurationIsVisible = 0;
			defaultConfigurationName = Release;
		};
		DD9448C22737F048001C8235 /* Build configuration list for PBXNativeTarget "TMDBTests" */ = {
			isa = XCConfigurationList;
			buildConfigurations = (
				DD9448C32737F048001C8235 /* Debug */,
				DD9448C42737F048001C8235 /* Release */,
			);
			defaultConfigurationIsVisible = 0;
			defaultConfigurationName = Release;
		};
		DD9448C52737F048001C8235 /* Build configuration list for PBXNativeTarget "TMDBUITests" */ = {
			isa = XCConfigurationList;
			buildConfigurations = (
				DD9448C62737F048001C8235 /* Debug */,
				DD9448C72737F048001C8235 /* Release */,
			);
			defaultConfigurationIsVisible = 0;
			defaultConfigurationName = Release;
		};
		DD9448ED2737F3D0001C8235 /* Build configuration list for PBXNativeTarget "Domain" */ = {
			isa = XCConfigurationList;
			buildConfigurations = (
				DD9448E92737F3D0001C8235 /* Debug */,
				DD9448EA2737F3D0001C8235 /* Release */,
			);
			defaultConfigurationIsVisible = 0;
			defaultConfigurationName = Release;
		};
		DD9448EE2737F3D0001C8235 /* Build configuration list for PBXNativeTarget "DomainTests" */ = {
			isa = XCConfigurationList;
			buildConfigurations = (
				DD9448EB2737F3D0001C8235 /* Debug */,
				DD9448EC2737F3D0001C8235 /* Release */,
			);
			defaultConfigurationIsVisible = 0;
			defaultConfigurationName = Release;
		};
		DD94490F2737F4AB001C8235 /* Build configuration list for PBXNativeTarget "Network" */ = {
			isa = XCConfigurationList;
			buildConfigurations = (
				DD94490B2737F4AB001C8235 /* Debug */,
				DD94490C2737F4AB001C8235 /* Release */,
			);
			defaultConfigurationIsVisible = 0;
			defaultConfigurationName = Release;
		};
		DD9449102737F4AB001C8235 /* Build configuration list for PBXNativeTarget "NetworkTests" */ = {
			isa = XCConfigurationList;
			buildConfigurations = (
				DD94490D2737F4AB001C8235 /* Debug */,
				DD94490E2737F4AB001C8235 /* Release */,
			);
			defaultConfigurationIsVisible = 0;
			defaultConfigurationName = Release;
		};
/* End XCConfigurationList section */
	};
	rootObject = DD94488D2737F047001C8235 /* Project object */;
}
